<?xml version="1.0" encoding="utf-8"?><Project ToolsVersion="4.0" xmlns="http://schemas.microsoft.com/developer/msbuild/2003"><ItemGroup><Filter Include=".."><UniqueIdentifier>{739DB09A-CC57-A953-A6CF-F64FA08E4FA7}</UniqueIdentifier></Filter><Filter Include="..\tools"><UniqueIdentifier>{A0946190-5491-4D66-7E51-19400E36F078}</UniqueIdentifier></Filter><Filter Include="..\tools\grit"><UniqueIdentifier>{3405616A-C381-F382-5E74-579CB4F91A2D}</UniqueIdentifier></Filter><Filter Include="..\tools\grit\grit"><UniqueIdentifier>{3405616A-C381-F382-5E74-579CB4F91A2D}</UniqueIdentifier></Filter><Filter Include="..\tools\grit\grit\format"><UniqueIdentifier>{70B82C25-A362-5F67-ADB1-F53029D26C30}</UniqueIdentifier></Filter><Filter Include="..\tools\grit\grit\format\_excluded_files"><UniqueIdentifier>{158E591E-B6EA-0C85-8F5A-18EAFA09B4CE}</UniqueIdentifier></Filter><Filter Include="..\build"><UniqueIdentifier>{D5519164-BF26-36DA-740B-76CEFC1827F4}</UniqueIdentifier></Filter><Filter Include="$(OutDir)"><UniqueIdentifier>{ECA95933-7FA6-5798-4EC4-C0CAC6DD34DE}</UniqueIdentifier></Filter><Filter Include="$(OutDir)\obj"><UniqueIdentifier>{87A48BF9-F199-AAF2-F5F8-C503C89A2795}</UniqueIdentifier></Filter><Filter Include="$(OutDir)\obj\global_intermediate"><UniqueIdentifier>{14CEDE64-16A7-96A9-EF19-5C5D6085FF18}</UniqueIdentifier></Filter><Filter Include="$(OutDir)\obj\global_intermediate\content"><UniqueIdentifier>{4D624FB1-28CC-8F22-E07A-F14373BC38A1}</UniqueIdentifier></Filter><Filter Include="$(OutDir)\obj\global_intermediate\content\_excluded_files"><UniqueIdentifier>{158E591E-B6EA-0C85-8F5A-18EAFA09B4CE}</UniqueIdentifier></Filter><Filter Include="$(OutDir)\obj\global_intermediate\webkit"><UniqueIdentifier>{6BB4ACEE-077E-03F4-A9A9-4276B7FD2E30}</UniqueIdentifier></Filter><Filter Include="$(OutDir)\obj\global_intermediate\webkit\_excluded_files"><UniqueIdentifier>{158E591E-B6EA-0C85-8F5A-18EAFA09B4CE}</UniqueIdentifier></Filter><Filter Include="$(OutDir)\obj\global_intermediate\net"><UniqueIdentifier>{1F653D5C-3085-E5B1-C9CA-3B1D0CF99BB9}</UniqueIdentifier></Filter><Filter Include="$(OutDir)\obj\global_intermediate\net\_excluded_files"><UniqueIdentifier>{158E591E-B6EA-0C85-8F5A-18EAFA09B4CE}</UniqueIdentifier></Filter><Filter Include="$(OutDir)\obj\global_intermediate\ui"><UniqueIdentifier>{3ED3C5AE-0459-82A6-2795-7EAB6F83FEC7}</UniqueIdentifier></Filter><Filter Include="$(OutDir)\obj\global_intermediate\ui\ui_resources"><UniqueIdentifier>{60108B1D-1D06-DEEB-72CD-739BCA047D39}</UniqueIdentifier></Filter><Filter Include="$(OutDir)\obj\global_intermediate\ui\ui_resources\_excluded_files"><UniqueIdentifier>{158E591E-B6EA-0C85-8F5A-18EAFA09B4CE}</UniqueIdentifier></Filter><Filter Include="$(OutDir)\obj\global_intermediate\ui\ui_resources_standard"><UniqueIdentifier>{2B8F64E6-A567-6B36-C04E-1D0ECFD69E11}</UniqueIdentifier></Filter><Filter Include="$(OutDir)\obj\global_intermediate\ui\ui_resources_standard\_excluded_files"><UniqueIdentifier>{158E591E-B6EA-0C85-8F5A-18EAFA09B4CE}</UniqueIdentifier></Filter></ItemGroup><ItemGroup><None Include="content.gyp"/><None Include="..\tools\grit\grit\format\repack.py"><Filter>..\tools\grit\grit\format\_excluded_files</Filter></None><ClCompile Include="..\build\precompile.cc"><Filter>..\build</Filter></ClCompile><None Include="$(OutDir)\obj\global_intermediate\content\shell_resources.pak"><Filter>$(OutDir)\obj\global_intermediate\content\_excluded_files</Filter></None><None Include="$(OutDir)\obj\global_intermediate\content\content_resources.pak"><Filter>$(OutDir)\obj\global_intermediate\content\_excluded_files</Filter></None><None Include="$(OutDir)\obj\global_intermediate\webkit\webkit_resources.pak"><Filter>$(OutDir)\obj\global_intermediate\webkit\_excluded_files</Filter></None><None Include="$(OutDir)\obj\global_intermediate\webkit\devtools_resources.pak"><Filter>$(OutDir)\obj\global_intermediate\webkit\_excluded_files</Filter></None><None Include="$(OutDir)\obj\global_intermediate\webkit\webkit_chromium_resources.pak"><Filter>$(OutDir)\obj\global_intermediate\webkit\_excluded_files</Filter></None><None Include="$(OutDir)\obj\global_intermediate\net\net_resources.pak"><Filter>$(OutDir)\obj\global_intermediate\net\_excluded_files</Filter></None><None Include="$(OutDir)\obj\global_intermediate\ui\ui_resources\ui_resources.pak"><Filter>$(OutDir)\obj\global_intermediate\ui\ui_resources\_excluded_files</Filter></None><None Include="$(OutDir)\obj\global_intermediate\ui\ui_resources_standard\ui_resources_standard.pak"><Filter>$(OutDir)\obj\global_intermediate\ui\ui_resources_standard\_excluded_files</Filter></None></ItemGroup></Project>