<?xml version="1.0" encoding="utf-8"?><Project ToolsVersion="4.0" xmlns="http://schemas.microsoft.com/developer/msbuild/2003"><ItemGroup><Filter Include="base"><UniqueIdentifier>{DBBAC0A6-BB0A-CA51-45CC-DA4574B671E6}</UniqueIdentifier></Filter><Filter Include="audio"><UniqueIdentifier>{D4AF4849-65C6-75FE-2B6E-F6BD18C08214}</UniqueIdentifier></Filter></ItemGroup><ItemGroup><None Include="media.gyp"/><ClInclude Include="base\mock_data_source_host.h"><Filter>base</Filter></ClInclude><ClCompile Include="base\mock_demuxer_host.cc"><Filter>base</Filter></ClCompile><ClCompile Include="base\mock_callback.cc"><Filter>base</Filter></ClCompile><ClInclude Include="base\mock_callback.h"><Filter>base</Filter></ClInclude><ClInclude Include="base\mock_filters.h"><Filter>base</Filter></ClInclude><ClCompile Include="base\mock_data_source_host.cc"><Filter>base</Filter></ClCompile><ClCompile Include="base\mock_filter_host.cc"><Filter>base</Filter></ClCompile><ClInclude Include="base\mock_filter_host.h"><Filter>base</Filter></ClInclude><ClCompile Include="base\mock_filters.cc"><Filter>base</Filter></ClCompile><ClInclude Include="base\mock_demuxer_host.h"><Filter>base</Filter></ClInclude><ClCompile Include="audio\test_audio_input_controller_factory.cc"><Filter>audio</Filter></ClCompile><ClInclude Include="audio\test_audio_input_controller_factory.h"><Filter>audio</Filter></ClInclude></ItemGroup></Project>