<?xml version="1.0" encoding="utf-8"?><Project ToolsVersion="4.0" xmlns="http://schemas.microsoft.com/developer/msbuild/2003"><ItemGroup><Filter Include="command_buffer"><UniqueIdentifier>{05C7F72F-ADB0-5046-004F-DF2FFA532C5A}</UniqueIdentifier></Filter><Filter Include="command_buffer\service"><UniqueIdentifier>{C9210780-0906-CC9E-BEC1-0AB6BFD1B977}</UniqueIdentifier></Filter></ItemGroup><ItemGroup><None Include="gpu.gyp"/><ClInclude Include="command_buffer\service\framebuffer_manager.h"><Filter>command_buffer\service</Filter></ClInclude><ClInclude Include="command_buffer\service\gles2_cmd_copy_texture_chromium.h"><Filter>command_buffer\service</Filter></ClInclude><ClCompile Include="command_buffer\service\id_manager.cc"><Filter>command_buffer\service</Filter></ClCompile><ClInclude Include="command_buffer\service\shader_translator.h"><Filter>command_buffer\service</Filter></ClInclude><ClCompile Include="command_buffer\service\cmd_parser.cc"><Filter>command_buffer\service</Filter></ClCompile><ClInclude Include="command_buffer\service\gles2_cmd_decoder_autogen.h"><Filter>command_buffer\service</Filter></ClInclude><ClInclude Include="command_buffer\service\mailbox_manager.h"><Filter>command_buffer\service</Filter></ClInclude><ClInclude Include="command_buffer\service\gles2_cmd_validation_implementation_autogen.h"><Filter>command_buffer\service</Filter></ClInclude><ClInclude Include="command_buffer\service\renderbuffer_manager.h"><Filter>command_buffer\service</Filter></ClInclude><ClInclude Include="command_buffer\service\command_buffer_service.h"><Filter>command_buffer\service</Filter></ClInclude><ClInclude Include="command_buffer\service\gpu_scheduler_mock.h"><Filter>command_buffer\service</Filter></ClInclude><ClInclude Include="command_buffer\service\stream_texture.h"><Filter>command_buffer\service</Filter></ClInclude><ClInclude Include="command_buffer\service\vertex_attrib_manager.h"><Filter>command_buffer\service</Filter></ClInclude><ClInclude Include="command_buffer\service\program_manager.h"><Filter>command_buffer\service</Filter></ClInclude><ClInclude Include="command_buffer\service\common_decoder.h"><Filter>command_buffer\service</Filter></ClInclude><ClInclude Include="command_buffer\service\cmd_parser.h"><Filter>command_buffer\service</Filter></ClInclude><ClCompile Include="command_buffer\service\vertex_attrib_manager.cc"><Filter>command_buffer\service</Filter></ClCompile><ClInclude Include="command_buffer\service\query_manager.h"><Filter>command_buffer\service</Filter></ClInclude><ClInclude Include="command_buffer\service\cmd_buffer_engine.h"><Filter>command_buffer\service</Filter></ClInclude><ClCompile Include="command_buffer\service\feature_info.cc"><Filter>command_buffer\service</Filter></ClCompile><ClInclude Include="command_buffer\service\id_manager.h"><Filter>command_buffer\service</Filter></ClInclude><ClCompile Include="command_buffer\service\shader_translator.cc"><Filter>command_buffer\service</Filter></ClCompile><ClInclude Include="command_buffer\service\shader_manager.h"><Filter>command_buffer\service</Filter></ClInclude><ClInclude Include="command_buffer\service\gles2_cmd_validation.h"><Filter>command_buffer\service</Filter></ClInclude><ClInclude Include="command_buffer\service\transfer_buffer_manager.h"><Filter>command_buffer\service</Filter></ClInclude><ClCompile Include="command_buffer\service\gles2_cmd_copy_texture_chromium.cc"><Filter>command_buffer\service</Filter></ClCompile><ClCompile Include="command_buffer\service\transfer_buffer_manager.cc"><Filter>command_buffer\service</Filter></ClCompile><ClCompile Include="command_buffer\service\command_buffer_service.cc"><Filter>command_buffer\service</Filter></ClCompile><ClCompile Include="command_buffer\service\shader_translator_cache.cc"><Filter>command_buffer\service</Filter></ClCompile><ClCompile Include="command_buffer\service\query_manager.cc"><Filter>command_buffer\service</Filter></ClCompile><ClInclude Include="command_buffer\service\gpu_scheduler.h"><Filter>command_buffer\service</Filter></ClInclude><ClInclude Include="command_buffer\service\feature_info.h"><Filter>command_buffer\service</Filter></ClInclude><ClCompile Include="command_buffer\service\mailbox_manager.cc"><Filter>command_buffer\service</Filter></ClCompile><ClCompile Include="command_buffer\service\texture_definition.cc"><Filter>command_buffer\service</Filter></ClCompile><ClCompile Include="command_buffer\service\renderbuffer_manager.cc"><Filter>command_buffer\service</Filter></ClCompile><ClInclude Include="command_buffer\service\gpu_switches.h"><Filter>command_buffer\service</Filter></ClInclude><ClInclude Include="command_buffer\service\gl_utils.h"><Filter>command_buffer\service</Filter></ClInclude><ClInclude Include="command_buffer\service\gles2_cmd_decoder.h"><Filter>command_buffer\service</Filter></ClInclude><ClCompile Include="command_buffer\service\shader_manager.cc"><Filter>command_buffer\service</Filter></ClCompile><ClCompile Include="command_buffer\service\buffer_manager.cc"><Filter>command_buffer\service</Filter></ClCompile><ClCompile Include="command_buffer\service\framebuffer_manager.cc"><Filter>command_buffer\service</Filter></ClCompile><ClInclude Include="command_buffer\service\stream_texture_manager.h"><Filter>command_buffer\service</Filter></ClInclude><ClCompile Include="command_buffer\service\gles2_cmd_decoder.cc"><Filter>command_buffer\service</Filter></ClCompile><ClCompile Include="command_buffer\service\gpu_scheduler.cc"><Filter>command_buffer\service</Filter></ClCompile><ClInclude Include="command_buffer\service\context_group.h"><Filter>command_buffer\service</Filter></ClInclude><ClInclude Include="command_buffer\service\mocks.h"><Filter>command_buffer\service</Filter></ClInclude><ClInclude Include="command_buffer\service\gles2_cmd_validation_autogen.h"><Filter>command_buffer\service</Filter></ClInclude><ClCompile Include="command_buffer\service\common_decoder.cc"><Filter>command_buffer\service</Filter></ClCompile><ClInclude Include="command_buffer\service\buffer_manager.h"><Filter>command_buffer\service</Filter></ClInclude><ClCompile Include="command_buffer\service\gles2_cmd_validation.cc"><Filter>command_buffer\service</Filter></ClCompile><ClInclude Include="command_buffer\service\texture_manager.h"><Filter>command_buffer\service</Filter></ClInclude><ClCompile Include="command_buffer\service\gpu_switches.cc"><Filter>command_buffer\service</Filter></ClCompile><ClCompile Include="command_buffer\service\context_group.cc"><Filter>command_buffer\service</Filter></ClCompile><ClCompile Include="command_buffer\service\texture_manager.cc"><Filter>command_buffer\service</Filter></ClCompile><ClInclude Include="command_buffer\service\shader_translator_cache.h"><Filter>command_buffer\service</Filter></ClInclude><ClCompile Include="command_buffer\service\program_manager.cc"><Filter>command_buffer\service</Filter></ClCompile><ClInclude Include="command_buffer\service\texture_definition.h"><Filter>command_buffer\service</Filter></ClInclude></ItemGroup></Project>