<?xml version="1.0" encoding="utf-8"?><Project ToolsVersion="4.0" xmlns="http://schemas.microsoft.com/developer/msbuild/2003"><ItemGroup><Filter Include="tools"><UniqueIdentifier>{A0946190-5491-4D66-7E51-19400E36F078}</UniqueIdentifier></Filter><Filter Include="tools\test_shell"><UniqueIdentifier>{6778C6D2-5A07-BB29-528C-D85AE8250AE6}</UniqueIdentifier></Filter><Filter Include="tools\test_shell\win"><UniqueIdentifier>{47FC5EC4-15EB-E92F-89D7-AFE51CF838A9}</UniqueIdentifier></Filter><Filter Include=".."><UniqueIdentifier>{739DB09A-CC57-A953-A6CF-F64FA08E4FA7}</UniqueIdentifier></Filter><Filter Include="..\build"><UniqueIdentifier>{D5519164-BF26-36DA-740B-76CEFC1827F4}</UniqueIdentifier></Filter></ItemGroup><ItemGroup><None Include="webkit.gyp"/><ClCompile Include="tools\test_shell\win\layout_test_helper.cc"><Filter>tools\test_shell\win</Filter></ClCompile><ClCompile Include="..\build\precompile.cc"><Filter>..\build</Filter></ClCompile></ItemGroup></Project>