<?xml version="1.0" encoding="utf-8"?><Project ToolsVersion="4.0" xmlns="http://schemas.microsoft.com/developer/msbuild/2003"><ItemGroup><Filter Include=".."><UniqueIdentifier>{739DB09A-CC57-A953-A6CF-F64FA08E4FA7}</UniqueIdentifier></Filter><Filter Include="..\build"><UniqueIdentifier>{D5519164-BF26-36DA-740B-76CEFC1827F4}</UniqueIdentifier></Filter><Filter Include="plugins"><UniqueIdentifier>{9DE023B3-F1C0-CF0D-AF52-3287B388D922}</UniqueIdentifier></Filter><Filter Include="plugins\npapi"><UniqueIdentifier>{2C243298-BAEA-FB05-9ADC-83FF12AC8DCF}</UniqueIdentifier></Filter><Filter Include="plugins\npapi\test"><UniqueIdentifier>{5763B17F-46DA-9ED7-179F-9C9F273B791C}</UniqueIdentifier></Filter></ItemGroup><ItemGroup><None Include="webkit.gyp"/><ClCompile Include="..\build\precompile.cc"><Filter>..\build</Filter></ClCompile><ClCompile Include="plugins\npapi\test\plugin_client.cc"><Filter>plugins\npapi\test</Filter></ClCompile><ClInclude Include="plugins\npapi\test\plugin_test.h"><Filter>plugins\npapi\test</Filter></ClInclude><ClInclude Include="plugins\npapi\test\npapi_constants.h"><Filter>plugins\npapi\test</Filter></ClInclude><ClCompile Include="plugins\npapi\test\plugin_test.cc"><Filter>plugins\npapi\test</Filter></ClCompile><ClCompile Include="plugins\npapi\test\npapi_constants.cc"><Filter>plugins\npapi\test</Filter></ClCompile><ClInclude Include="plugins\npapi\test\plugin_test_factory.h"><Filter>plugins\npapi\test</Filter></ClInclude><ClInclude Include="plugins\npapi\test\plugin_client.h"><Filter>plugins\npapi\test</Filter></ClInclude></ItemGroup></Project>