<?xml version="1.0" encoding="utf-8"?><Project ToolsVersion="4.0" xmlns="http://schemas.microsoft.com/developer/msbuild/2003"><ItemGroup><Filter Include=".."><UniqueIdentifier>{739DB09A-CC57-A953-A6CF-F64FA08E4FA7}</UniqueIdentifier></Filter><Filter Include="..\build"><UniqueIdentifier>{D5519164-BF26-36DA-740B-76CEFC1827F4}</UniqueIdentifier></Filter><Filter Include="plugins"><UniqueIdentifier>{9DE023B3-F1C0-CF0D-AF52-3287B388D922}</UniqueIdentifier></Filter><Filter Include="plugins\npapi"><UniqueIdentifier>{2C243298-BAEA-FB05-9ADC-83FF12AC8DCF}</UniqueIdentifier></Filter><Filter Include="plugins\npapi\test"><UniqueIdentifier>{5763B17F-46DA-9ED7-179F-9C9F273B791C}</UniqueIdentifier></Filter></ItemGroup><ItemGroup><None Include="webkit.gyp"/><ClCompile Include="..\build\precompile.cc"><Filter>..\build</Filter></ClCompile><ClInclude Include="plugins\npapi\test\plugin_npobject_proxy_test.h"><Filter>plugins\npapi\test</Filter></ClInclude><ClInclude Include="plugins\npapi\test\plugin_delete_plugin_in_stream_test.h"><Filter>plugins\npapi\test</Filter></ClInclude><ClInclude Include="plugins\npapi\test\resource.h"><Filter>plugins\npapi\test</Filter></ClInclude><ClCompile Include="plugins\npapi\test\plugin_get_javascript_url2_test.cc"><Filter>plugins\npapi\test</Filter></ClCompile><ClInclude Include="plugins\npapi\test\plugin_schedule_timer_test.h"><Filter>plugins\npapi\test</Filter></ClInclude><ClCompile Include="plugins\npapi\test\plugin_test_factory.cc"><Filter>plugins\npapi\test</Filter></ClCompile><ClInclude Include="plugins\npapi\test\plugin_javascript_open_popup.h"><Filter>plugins\npapi\test</Filter></ClInclude><ClCompile Include="plugins\npapi\test\plugin_geturl_test.cc"><Filter>plugins\npapi\test</Filter></ClCompile><ClInclude Include="plugins\npapi\test\plugin_geturl_test.h"><Filter>plugins\npapi\test</Filter></ClInclude><None Include="plugins\npapi\test\npapi_test.def"><Filter>plugins\npapi\test</Filter></None><ResourceCompile Include="plugins\npapi\test\npapi_test.rc"><Filter>plugins\npapi\test</Filter></ResourceCompile><ClInclude Include="plugins\npapi\test\plugin_delete_plugin_in_deallocate_test.h"><Filter>plugins\npapi\test</Filter></ClInclude><ClCompile Include="plugins\npapi\test\plugin_create_instance_in_paint.cc"><Filter>plugins\npapi\test</Filter></ClCompile><ClInclude Include="plugins\npapi\test\plugin_windowless_test.h"><Filter>plugins\npapi\test</Filter></ClInclude><ClCompile Include="plugins\npapi\test\plugin_schedule_timer_test.cc"><Filter>plugins\npapi\test</Filter></ClCompile><ClCompile Include="plugins\npapi\test\plugin_npobject_proxy_test.cc"><Filter>plugins\npapi\test</Filter></ClCompile><ClCompile Include="plugins\npapi\test\npapi_test.cc"><Filter>plugins\npapi\test</Filter></ClCompile><ClCompile Include="plugins\npapi\test\plugin_javascript_open_popup.cc"><Filter>plugins\npapi\test</Filter></ClCompile><ClCompile Include="plugins\npapi\test\plugin_window_size_test.cc"><Filter>plugins\npapi\test</Filter></ClCompile><ClCompile Include="plugins\npapi\test\plugin_execute_stream_javascript.cc"><Filter>plugins\npapi\test</Filter></ClCompile><ClCompile Include="plugins\npapi\test\plugin_windowless_test.cc"><Filter>plugins\npapi\test</Filter></ClCompile><ClInclude Include="plugins\npapi\test\plugin_execute_stream_javascript.h"><Filter>plugins\npapi\test</Filter></ClInclude><ClInclude Include="plugins\npapi\test\plugin_thread_async_call_test.h"><Filter>plugins\npapi\test</Filter></ClInclude><ClCompile Include="plugins\npapi\test\plugin_arguments_test.cc"><Filter>plugins\npapi\test</Filter></ClCompile><ClInclude Include="plugins\npapi\test\plugin_arguments_test.h"><Filter>plugins\npapi\test</Filter></ClInclude><ClCompile Include="plugins\npapi\test\plugin_windowed_test.cc"><Filter>plugins\npapi\test</Filter></ClCompile><ClCompile Include="plugins\npapi\test\plugin_delete_plugin_in_stream_test.cc"><Filter>plugins\npapi\test</Filter></ClCompile><ClInclude Include="plugins\npapi\test\plugin_new_fails_test.h"><Filter>plugins\npapi\test</Filter></ClInclude><ClInclude Include="plugins\npapi\test\plugin_create_instance_in_paint.h"><Filter>plugins\npapi\test</Filter></ClInclude><ClInclude Include="plugins\npapi\test\plugin_private_test.h"><Filter>plugins\npapi\test</Filter></ClInclude><ClCompile Include="plugins\npapi\test\plugin_delete_plugin_in_deallocate_test.cc"><Filter>plugins\npapi\test</Filter></ClCompile><ClCompile Include="plugins\npapi\test\plugin_thread_async_call_test.cc"><Filter>plugins\npapi\test</Filter></ClCompile><ClCompile Include="plugins\npapi\test\plugin_npobject_lifetime_test.cc"><Filter>plugins\npapi\test</Filter></ClCompile><ClCompile Include="plugins\npapi\test\plugin_new_fails_test.cc"><Filter>plugins\npapi\test</Filter></ClCompile><ClInclude Include="plugins\npapi\test\plugin_setup_test.h"><Filter>plugins\npapi\test</Filter></ClInclude><ClCompile Include="plugins\npapi\test\plugin_get_javascript_url_test.cc"><Filter>plugins\npapi\test</Filter></ClCompile><ClInclude Include="plugins\npapi\test\plugin_npobject_identity_test.h"><Filter>plugins\npapi\test</Filter></ClInclude><ClCompile Include="plugins\npapi\test\plugin_npobject_identity_test.cc"><Filter>plugins\npapi\test</Filter></ClCompile><ClInclude Include="plugins\npapi\test\plugin_windowed_test.h"><Filter>plugins\npapi\test</Filter></ClInclude><ClCompile Include="plugins\npapi\test\plugin_private_test.cc"><Filter>plugins\npapi\test</Filter></ClCompile><ClInclude Include="plugins\npapi\test\plugin_window_size_test.h"><Filter>plugins\npapi\test</Filter></ClInclude><ClInclude Include="plugins\npapi\test\plugin_get_javascript_url2_test.h"><Filter>plugins\npapi\test</Filter></ClInclude><ClInclude Include="plugins\npapi\test\plugin_get_javascript_url_test.h"><Filter>plugins\npapi\test</Filter></ClInclude><ClCompile Include="plugins\npapi\test\plugin_setup_test.cc"><Filter>plugins\npapi\test</Filter></ClCompile><ClInclude Include="plugins\npapi\test\plugin_npobject_lifetime_test.h"><Filter>plugins\npapi\test</Filter></ClInclude></ItemGroup></Project>