<?xml version="1.0" encoding="utf-8"?><Project ToolsVersion="4.0" xmlns="http://schemas.microsoft.com/developer/msbuild/2003"><ItemGroup><Filter Include="tools"><UniqueIdentifier>{A0946190-5491-4D66-7E51-19400E36F078}</UniqueIdentifier></Filter><Filter Include="tools\test_shell"><UniqueIdentifier>{6778C6D2-5A07-BB29-528C-D85AE8250AE6}</UniqueIdentifier></Filter><Filter Include="tools\test_shell\_excluded_files"><UniqueIdentifier>{158E591E-B6EA-0C85-8F5A-18EAFA09B4CE}</UniqueIdentifier></Filter><Filter Include="tools\test_shell\mac"><UniqueIdentifier>{DDBFF7CF-DBCF-B2FC-793A-DB701B563E8D}</UniqueIdentifier></Filter><Filter Include="tools\test_shell\mac\_excluded_files"><UniqueIdentifier>{158E591E-B6EA-0C85-8F5A-18EAFA09B4CE}</UniqueIdentifier></Filter><Filter Include=".."><UniqueIdentifier>{739DB09A-CC57-A953-A6CF-F64FA08E4FA7}</UniqueIdentifier></Filter><Filter Include="..\build"><UniqueIdentifier>{D5519164-BF26-36DA-740B-76CEFC1827F4}</UniqueIdentifier></Filter></ItemGroup><ItemGroup><None Include="webkit.gyp"/><ClInclude Include="tools\test_shell\drop_delegate.h"><Filter>tools\test_shell</Filter></ClInclude><ClCompile Include="tools\test_shell\mock_spellcheck.cc"><Filter>tools\test_shell</Filter></ClCompile><ClCompile Include="tools\test_shell\test_shell_win.cc"><Filter>tools\test_shell</Filter></ClCompile><ClInclude Include="tools\test_shell\webview_host.h"><Filter>tools\test_shell</Filter></ClInclude><ClInclude Include="tools\test_shell\test_shell_devtools_agent.h"><Filter>tools\test_shell</Filter></ClInclude><ClInclude Include="tools\test_shell\test_shell_devtools_client.h"><Filter>tools\test_shell</Filter></ClInclude><ClCompile Include="tools\test_shell\test_shell_devtools_agent.cc"><Filter>tools\test_shell</Filter></ClCompile><ClInclude Include="tools\test_shell\test_shell.h"><Filter>tools\test_shell</Filter></ClInclude><ClInclude Include="tools\test_shell\accessibility_ui_element.h"><Filter>tools\test_shell</Filter></ClInclude><ClCompile Include="tools\test_shell\test_shell_switches.cc"><Filter>tools\test_shell</Filter></ClCompile><ClInclude Include="tools\test_shell\mock_spellcheck.h"><Filter>tools\test_shell</Filter></ClInclude><ClCompile Include="tools\test_shell\accessibility_ui_element.cc"><Filter>tools\test_shell</Filter></ClCompile><ClCompile Include="tools\test_shell\webwidget_host.cc"><Filter>tools\test_shell</Filter></ClCompile><ClCompile Include="tools\test_shell\test_shell_webthemecontrol.cc"><Filter>tools\test_shell</Filter></ClCompile><ClInclude Include="tools\test_shell\resource.h"><Filter>tools\test_shell</Filter></ClInclude><ClCompile Include="tools\test_shell\test_shell_devtools_client.cc"><Filter>tools\test_shell</Filter></ClCompile><ClCompile Include="tools\test_shell\test_shell.cc"><Filter>tools\test_shell</Filter></ClCompile><ClInclude Include="tools\test_shell\test_shell_webthemecontrol.h"><Filter>tools\test_shell</Filter></ClInclude><ClCompile Include="tools\test_shell\webwidget_host_win.cc"><Filter>tools\test_shell</Filter></ClCompile><ClCompile Include="tools\test_shell\test_shell_devtools_callargs.cc"><Filter>tools\test_shell</Filter></ClCompile><ClCompile Include="tools\test_shell\test_webview_delegate.cc"><Filter>tools\test_shell</Filter></ClCompile><ClInclude Include="tools\test_shell\test_shell_platform_delegate.h"><Filter>tools\test_shell</Filter></ClInclude><ClCompile Include="tools\test_shell\drop_delegate.cc"><Filter>tools\test_shell</Filter></ClCompile><ClCompile Include="tools\test_shell\test_shell_webthemeengine.cc"><Filter>tools\test_shell</Filter></ClCompile><ClInclude Include="tools\test_shell\test_shell_devtools_callargs.h"><Filter>tools\test_shell</Filter></ClInclude><ClCompile Include="tools\test_shell\notification_presenter.cc"><Filter>tools\test_shell</Filter></ClCompile><ClInclude Include="tools\test_shell\notification_presenter.h"><Filter>tools\test_shell</Filter></ClInclude><ClCompile Include="tools\test_shell\test_navigation_controller.cc"><Filter>tools\test_shell</Filter></ClCompile><ClInclude Include="tools\test_shell\test_navigation_controller.h"><Filter>tools\test_shell</Filter></ClInclude><ClCompile Include="tools\test_shell\layout_test_controller.cc"><Filter>tools\test_shell</Filter></ClCompile><ClInclude Include="tools\test_shell\layout_test_controller.h"><Filter>tools\test_shell</Filter></ClInclude><ClCompile Include="tools\test_shell\webview_host_win.cc"><Filter>tools\test_shell</Filter></ClCompile><ClCompile Include="tools\test_shell\test_shell_webkit_init.cc"><Filter>tools\test_shell</Filter></ClCompile><ClInclude Include="tools\test_shell\webwidget_host.h"><Filter>tools\test_shell</Filter></ClInclude><ClCompile Include="tools\test_shell\test_shell_platform_delegate_win.cc"><Filter>tools\test_shell</Filter></ClCompile><ClInclude Include="tools\test_shell\test_shell_webkit_init.h"><Filter>tools\test_shell</Filter></ClInclude><ClCompile Include="tools\test_shell\test_webview_delegate_win.cc"><Filter>tools\test_shell</Filter></ClCompile><ClInclude Include="tools\test_shell\test_webview_delegate.h"><Filter>tools\test_shell</Filter></ClInclude><ClInclude Include="tools\test_shell\test_shell_switches.h"><Filter>tools\test_shell</Filter></ClInclude><ClInclude Include="tools\test_shell\test_shell_webthemeengine.h"><Filter>tools\test_shell</Filter></ClInclude><None Include="tools\test_shell\test_webview_delegate_mac.mm"><Filter>tools\test_shell\_excluded_files</Filter></None><None Include="tools\test_shell\test_shell_mac.mm"><Filter>tools\test_shell\_excluded_files</Filter></None><None Include="tools\test_shell\webview_host_mac.mm"><Filter>tools\test_shell\_excluded_files</Filter></None><ClCompile Include="tools\test_shell\test_shell_gtk.cc"><Filter>tools\test_shell\_excluded_files</Filter></ClCompile><None Include="tools\test_shell\test_shell_platform_delegate_mac.mm"><Filter>tools\test_shell\_excluded_files</Filter></None><None Include="tools\test_shell\webwidget_host_mac.mm"><Filter>tools\test_shell\_excluded_files</Filter></None><ClCompile Include="tools\test_shell\test_shell_x11.cc"><Filter>tools\test_shell\_excluded_files</Filter></ClCompile><ClCompile Include="tools\test_shell\webwidget_host_gtk.cc"><Filter>tools\test_shell\_excluded_files</Filter></ClCompile><ClCompile Include="tools\test_shell\webview_host_gtk.cc"><Filter>tools\test_shell\_excluded_files</Filter></ClCompile><ClCompile Include="tools\test_shell\test_shell_platform_delegate_gtk.cc"><Filter>tools\test_shell\_excluded_files</Filter></ClCompile><ClCompile Include="tools\test_shell\test_webview_delegate_gtk.cc"><Filter>tools\test_shell\_excluded_files</Filter></ClCompile><ClInclude Include="tools\test_shell\mac\test_shell_webview.h"><Filter>tools\test_shell\mac\_excluded_files</Filter></ClInclude><None Include="tools\test_shell\mac\test_shell_webview.mm"><Filter>tools\test_shell\mac\_excluded_files</Filter></None><ClCompile Include="..\build\precompile.cc"><Filter>..\build</Filter></ClCompile></ItemGroup></Project>