<?xml version="1.0" encoding="utf-8"?><Project ToolsVersion="4.0" xmlns="http://schemas.microsoft.com/developer/msbuild/2003"><ItemGroup><Filter Include="mocks"><UniqueIdentifier>{C8337ED9-3658-F66C-A4F9-DDFE75BF009A}</UniqueIdentifier></Filter><Filter Include="glue"><UniqueIdentifier>{9C0EBFC5-0C0B-8A11-B834-3199D9447A2E}</UniqueIdentifier></Filter><Filter Include="glue\resources"><UniqueIdentifier>{02993FF4-6DD0-55B6-6A36-E99A964FF863}</UniqueIdentifier></Filter><Filter Include="tools"><UniqueIdentifier>{A0946190-5491-4D66-7E51-19400E36F078}</UniqueIdentifier></Filter><Filter Include="tools\webcore_unit_tests"><UniqueIdentifier>{B04135E2-B233-22B4-C393-27E6900F6517}</UniqueIdentifier></Filter><Filter Include="tools\test_shell"><UniqueIdentifier>{6778C6D2-5A07-BB29-528C-D85AE8250AE6}</UniqueIdentifier></Filter><Filter Include="tools\test_shell\resources"><UniqueIdentifier>{02993FF4-6DD0-55B6-6A36-E99A964FF863}</UniqueIdentifier></Filter><Filter Include=".."><UniqueIdentifier>{739DB09A-CC57-A953-A6CF-F64FA08E4FA7}</UniqueIdentifier></Filter><Filter Include="..\build"><UniqueIdentifier>{D5519164-BF26-36DA-740B-76CEFC1827F4}</UniqueIdentifier></Filter><Filter Include="plugins"><UniqueIdentifier>{9DE023B3-F1C0-CF0D-AF52-3287B388D922}</UniqueIdentifier></Filter><Filter Include="plugins\npapi"><UniqueIdentifier>{2C243298-BAEA-FB05-9ADC-83FF12AC8DCF}</UniqueIdentifier></Filter><Filter Include="plugins\ppapi"><UniqueIdentifier>{15C4068B-59E6-A58B-C933-FCE0F2E45305}</UniqueIdentifier></Filter></ItemGroup><ItemGroup><None Include="webkit.gyp"/><ClCompile Include="mocks\mock_weburlloader.cc"><Filter>mocks</Filter></ClCompile><ClInclude Include="mocks\mock_weburlloader.h"><Filter>mocks</Filter></ClInclude><ClInclude Include="mocks\mock_webframeclient.h"><Filter>mocks</Filter></ClInclude><ClInclude Include="mocks\mock_resource_loader_bridge.h"><Filter>mocks</Filter></ClInclude><ClCompile Include="glue\cpp_variant_unittest.cc"><Filter>glue</Filter></ClCompile><ClCompile Include="glue\iframe_redirect_unittest.cc"><Filter>glue</Filter></ClCompile><ClCompile Include="glue\webkit_glue_unittest.cc"><Filter>glue</Filter></ClCompile><ClCompile Include="glue\multipart_response_delegate_unittest.cc"><Filter>glue</Filter></ClCompile><ClCompile Include="glue\dom_serializer_unittest.cc"><Filter>glue</Filter></ClCompile><ClCompile Include="glue\regular_expression_unittest.cc"><Filter>glue</Filter></ClCompile><ClCompile Include="glue\cpp_bound_class_unittest.cc"><Filter>glue</Filter></ClCompile><ClCompile Include="glue\dom_operations_unittest.cc"><Filter>glue</Filter></ClCompile><ClInclude Include="glue\unittest_test_server.h"><Filter>glue</Filter></ClInclude><ClCompile Include="glue\mimetype_unittest.cc"><Filter>glue</Filter></ClCompile><ClCompile Include="glue\bookmarklet_unittest.cc"><Filter>glue</Filter></ClCompile><ClCompile Include="glue\resource_fetcher_unittest.cc"><Filter>glue</Filter></ClCompile><ClCompile Include="glue\worker_task_runner_unittest.cc"><Filter>glue</Filter></ClCompile><ClCompile Include="glue\webcursor_unittest.cc"><Filter>glue</Filter></ClCompile><ClCompile Include="glue\glue_serialize_unittest.cc"><Filter>glue</Filter></ClCompile><None Include="glue\resources\pan_south_west.cur"><Filter>glue\resources</Filter></None><None Include="glue\resources\pan_middle.cur"><Filter>glue\resources</Filter></None><None Include="glue\resources\pan_north_east.cur"><Filter>glue\resources</Filter></None><None Include="glue\resources\pan_north.cur"><Filter>glue\resources</Filter></None><None Include="glue\resources\pan_south_east.cur"><Filter>glue\resources</Filter></None><None Include="glue\resources\pan_south.cur"><Filter>glue\resources</Filter></None><None Include="glue\resources\pan_north_west.cur"><Filter>glue\resources</Filter></None><None Include="glue\resources\pan_east.cur"><Filter>glue\resources</Filter></None><None Include="glue\resources\pan_west.cur"><Filter>glue\resources</Filter></None><ClCompile Include="tools\webcore_unit_tests\ICOImageDecoder_unittest.cpp"><Filter>tools\webcore_unit_tests</Filter></ClCompile><ClCompile Include="tools\webcore_unit_tests\BMPImageDecoder_unittest.cpp"><Filter>tools\webcore_unit_tests</Filter></ClCompile><ClInclude Include="tools\test_shell\test_shell_test.h"><Filter>tools\test_shell</Filter></ClInclude><ClCompile Include="tools\test_shell\image_decoder_unittest.cc"><Filter>tools\test_shell</Filter></ClCompile><ClInclude Include="tools\test_shell\resource.h"><Filter>tools\test_shell</Filter></ClInclude><ClCompile Include="tools\test_shell\plugin_tests.cc"><Filter>tools\test_shell</Filter></ClCompile><ClInclude Include="tools\test_shell\image_decoder_unittest.h"><Filter>tools\test_shell</Filter></ClInclude><ClCompile Include="tools\test_shell\mock_spellcheck_unittest.cc"><Filter>tools\test_shell</Filter></ClCompile><ClCompile Include="tools\test_shell\test_shell_test.cc"><Filter>tools\test_shell</Filter></ClCompile><ClCompile Include="tools\test_shell\run_all_tests.cc"><Filter>tools\test_shell</Filter></ClCompile><None Include="tools\test_shell\resources\small.ico"><Filter>tools\test_shell\resources</Filter></None><ResourceCompile Include="tools\test_shell\resources\test_shell.rc"><Filter>tools\test_shell\resources</Filter></ResourceCompile><None Include="tools\test_shell\resources\test_shell.ico"><Filter>tools\test_shell\resources</Filter></None><ClCompile Include="..\build\precompile.cc"><Filter>..\build</Filter></ClCompile><ClCompile Include="plugins\npapi\plugin_lib_unittest.cc"><Filter>plugins\npapi</Filter></ClCompile><ClCompile Include="plugins\npapi\plugin_group_unittest.cc"><Filter>plugins\npapi</Filter></ClCompile><ClCompile Include="plugins\npapi\webplugin_impl_unittest.cc"><Filter>plugins\npapi</Filter></ClCompile><ClCompile Include="plugins\npapi\plugin_list_unittest.cc"><Filter>plugins\npapi</Filter></ClCompile><ClCompile Include="plugins\ppapi\host_var_tracker_unittest.cc"><Filter>plugins\ppapi</Filter></ClCompile><ClCompile Include="plugins\ppapi\url_request_info_unittest.cc"><Filter>plugins\ppapi</Filter></ClCompile><ClInclude Include="plugins\ppapi\mock_resource.h"><Filter>plugins\ppapi</Filter></ClInclude><ClCompile Include="plugins\ppapi\time_conversion_unittest.cc"><Filter>plugins\ppapi</Filter></ClCompile><ClCompile Include="plugins\ppapi\ppapi_unittest.cc"><Filter>plugins\ppapi</Filter></ClCompile><ClInclude Include="plugins\ppapi\mock_plugin_delegate.h"><Filter>plugins\ppapi</Filter></ClInclude><ClCompile Include="plugins\ppapi\ppb_file_chooser_impl_unittest.cc"><Filter>plugins\ppapi</Filter></ClCompile><ClCompile Include="plugins\ppapi\mock_plugin_delegate.cc"><Filter>plugins\ppapi</Filter></ClCompile><ClCompile Include="plugins\ppapi\quota_file_io_unittest.cc"><Filter>plugins\ppapi</Filter></ClCompile><ClInclude Include="plugins\ppapi\ppapi_unittest.h"><Filter>plugins\ppapi</Filter></ClInclude></ItemGroup></Project>