<?xml version="1.0" encoding="utf-8"?><Project ToolsVersion="4.0" xmlns="http://schemas.microsoft.com/developer/msbuild/2003"><ItemGroup><Filter Include=".."><UniqueIdentifier>{739DB09A-CC57-A953-A6CF-F64FA08E4FA7}</UniqueIdentifier></Filter><Filter Include="..\appcache"><UniqueIdentifier>{DCADB86C-725F-CB9F-1EF6-EA4E2520E817}</UniqueIdentifier></Filter><Filter Include="..\.."><UniqueIdentifier>{739DB09A-CC57-A953-A6CF-F64FA08E4FA7}</UniqueIdentifier></Filter><Filter Include="..\..\build"><UniqueIdentifier>{D5519164-BF26-36DA-740B-76CEFC1827F4}</UniqueIdentifier></Filter></ItemGroup><ItemGroup><None Include="webkit_support.gyp"/><ClCompile Include="..\appcache\appcache.cc"><Filter>..\appcache</Filter></ClCompile><ClCompile Include="..\appcache\appcache_database.cc"><Filter>..\appcache</Filter></ClCompile><ClCompile Include="..\appcache\appcache_update_job.cc"><Filter>..\appcache</Filter></ClCompile><ClCompile Include="..\appcache\appcache_host.cc"><Filter>..\appcache</Filter></ClCompile><ClCompile Include="..\appcache\manifest_parser.cc"><Filter>..\appcache</Filter></ClCompile><ClCompile Include="..\appcache\appcache_working_set.cc"><Filter>..\appcache</Filter></ClCompile><ClInclude Include="..\appcache\appcache_database.h"><Filter>..\appcache</Filter></ClInclude><ClInclude Include="..\appcache\appcache_storage_impl.h"><Filter>..\appcache</Filter></ClInclude><ClInclude Include="..\appcache\view_appcache_internals_job.h"><Filter>..\appcache</Filter></ClInclude><ClCompile Include="..\appcache\appcache_group.cc"><Filter>..\appcache</Filter></ClCompile><ClCompile Include="..\appcache\appcache_frontend_impl.cc"><Filter>..\appcache</Filter></ClCompile><ClInclude Include="..\appcache\appcache_disk_cache.h"><Filter>..\appcache</Filter></ClInclude><ClCompile Include="..\appcache\appcache_service.cc"><Filter>..\appcache</Filter></ClCompile><ClInclude Include="..\appcache\appcache_export.h"><Filter>..\appcache</Filter></ClInclude><ClCompile Include="..\appcache\appcache_disk_cache.cc"><Filter>..\appcache</Filter></ClCompile><ClInclude Include="..\appcache\appcache_response.h"><Filter>..\appcache</Filter></ClInclude><ClInclude Include="..\appcache\appcache_policy.h"><Filter>..\appcache</Filter></ClInclude><ClCompile Include="..\appcache\appcache_interfaces.cc"><Filter>..\appcache</Filter></ClCompile><ClCompile Include="..\appcache\appcache_response.cc"><Filter>..\appcache</Filter></ClCompile><ClCompile Include="..\appcache\appcache_backend_impl.cc"><Filter>..\appcache</Filter></ClCompile><ClCompile Include="..\appcache\appcache_interceptor.cc"><Filter>..\appcache</Filter></ClCompile><ClInclude Include="..\appcache\appcache_quota_client.h"><Filter>..\appcache</Filter></ClInclude><ClInclude Include="..\appcache\appcache_backend_impl.h"><Filter>..\appcache</Filter></ClInclude><ClCompile Include="..\appcache\appcache_quota_client.cc"><Filter>..\appcache</Filter></ClCompile><ClInclude Include="..\appcache\appcache_storage.h"><Filter>..\appcache</Filter></ClInclude><ClInclude Include="..\appcache\appcache.h"><Filter>..\appcache</Filter></ClInclude><ClCompile Include="..\appcache\appcache_storage.cc"><Filter>..\appcache</Filter></ClCompile><None Include="..\appcache\webkit_appcache.gypi"><Filter>..\appcache</Filter></None><ClInclude Include="..\appcache\appcache_working_set.h"><Filter>..\appcache</Filter></ClInclude><ClInclude Include="..\appcache\appcache_service.h"><Filter>..\appcache</Filter></ClInclude><ClCompile Include="..\appcache\view_appcache_internals_job.cc"><Filter>..\appcache</Filter></ClCompile><ClInclude Include="..\appcache\appcache_url_request_job.h"><Filter>..\appcache</Filter></ClInclude><ClInclude Include="..\appcache\appcache_request_handler.h"><Filter>..\appcache</Filter></ClInclude><ClInclude Include="..\appcache\appcache_entry.h"><Filter>..\appcache</Filter></ClInclude><ClInclude Include="..\appcache\appcache_interceptor.h"><Filter>..\appcache</Filter></ClInclude><ClCompile Include="..\appcache\appcache_histograms.cc"><Filter>..\appcache</Filter></ClCompile><ClInclude Include="..\appcache\appcache_histograms.h"><Filter>..\appcache</Filter></ClInclude><ClInclude Include="..\appcache\web_application_cache_host_impl.h"><Filter>..\appcache</Filter></ClInclude><ClInclude Include="..\appcache\appcache_host.h"><Filter>..\appcache</Filter></ClInclude><ClInclude Include="..\appcache\appcache_frontend_impl.h"><Filter>..\appcache</Filter></ClInclude><ClInclude Include="..\appcache\manifest_parser.h"><Filter>..\appcache</Filter></ClInclude><ClCompile Include="..\appcache\appcache_storage_impl.cc"><Filter>..\appcache</Filter></ClCompile><ClInclude Include="..\appcache\appcache_group.h"><Filter>..\appcache</Filter></ClInclude><ClCompile Include="..\appcache\appcache_url_request_job.cc"><Filter>..\appcache</Filter></ClCompile><ClCompile Include="..\appcache\web_application_cache_host_impl.cc"><Filter>..\appcache</Filter></ClCompile><ClCompile Include="..\appcache\appcache_request_handler.cc"><Filter>..\appcache</Filter></ClCompile><ClInclude Include="..\appcache\appcache_interfaces.h"><Filter>..\appcache</Filter></ClInclude><ClInclude Include="..\appcache\appcache_update_job.h"><Filter>..\appcache</Filter></ClInclude><ClCompile Include="..\..\build\precompile.cc"><Filter>..\..\build</Filter></ClCompile></ItemGroup></Project>