<?xml version="1.0" encoding="utf-8"?><Project ToolsVersion="4.0" xmlns="http://schemas.microsoft.com/developer/msbuild/2003"><ItemGroup><Filter Include=".."><UniqueIdentifier>{739DB09A-CC57-A953-A6CF-F64FA08E4FA7}</UniqueIdentifier></Filter><Filter Include="..\blob"><UniqueIdentifier>{F0F1FA0B-1F02-1777-4B14-B2E007BD2FC3}</UniqueIdentifier></Filter><Filter Include="..\.."><UniqueIdentifier>{739DB09A-CC57-A953-A6CF-F64FA08E4FA7}</UniqueIdentifier></Filter><Filter Include="..\..\build"><UniqueIdentifier>{D5519164-BF26-36DA-740B-76CEFC1827F4}</UniqueIdentifier></Filter></ItemGroup><ItemGroup><None Include="webkit_support.gyp"/><ClCompile Include="..\blob\view_blob_internals_job.cc"><Filter>..\blob</Filter></ClCompile><ClInclude Include="..\blob\local_file_stream_reader.h"><Filter>..\blob</Filter></ClInclude><ClCompile Include="..\blob\blob_data.cc"><Filter>..\blob</Filter></ClCompile><ClInclude Include="..\blob\blob_data.h"><Filter>..\blob</Filter></ClInclude><ClCompile Include="..\blob\blob_url_request_job_factory.cc"><Filter>..\blob</Filter></ClCompile><ClCompile Include="..\blob\blob_url_request_job.cc"><Filter>..\blob</Filter></ClCompile><ClInclude Include="..\blob\blob_url_request_job.h"><Filter>..\blob</Filter></ClInclude><ClCompile Include="..\blob\blob_storage_controller.cc"><Filter>..\blob</Filter></ClCompile><ClInclude Include="..\blob\blob_storage_controller.h"><Filter>..\blob</Filter></ClInclude><ClCompile Include="..\blob\shareable_file_reference.cc"><Filter>..\blob</Filter></ClCompile><ClInclude Include="..\blob\blob_url_request_job_factory.h"><Filter>..\blob</Filter></ClInclude><ClInclude Include="..\blob\shareable_file_reference.h"><Filter>..\blob</Filter></ClInclude><ClInclude Include="..\blob\view_blob_internals_job.h"><Filter>..\blob</Filter></ClInclude><ClCompile Include="..\blob\local_file_stream_reader.cc"><Filter>..\blob</Filter></ClCompile><ClCompile Include="..\..\build\precompile.cc"><Filter>..\..\build</Filter></ClCompile></ItemGroup></Project>