<?xml version="1.0" encoding="utf-8"?><Project ToolsVersion="4.0" xmlns="http://schemas.microsoft.com/developer/msbuild/2003"><ItemGroup><Filter Include=".."><UniqueIdentifier>{739DB09A-CC57-A953-A6CF-F64FA08E4FA7}</UniqueIdentifier></Filter><Filter Include="..\fileapi"><UniqueIdentifier>{07449D65-155A-88FA-AE73-F56A090F72A2}</UniqueIdentifier></Filter><Filter Include="..\.."><UniqueIdentifier>{739DB09A-CC57-A953-A6CF-F64FA08E4FA7}</UniqueIdentifier></Filter><Filter Include="..\..\build"><UniqueIdentifier>{D5519164-BF26-36DA-740B-76CEFC1827F4}</UniqueIdentifier></Filter></ItemGroup><ItemGroup><None Include="webkit_support.gyp"/><ClInclude Include="..\fileapi\file_system_dir_url_request_job.h"><Filter>..\fileapi</Filter></ClInclude><ClInclude Include="..\fileapi\file_system_operation_interface.h"><Filter>..\fileapi</Filter></ClInclude><ClCompile Include="..\fileapi\obfuscated_file_util.cc"><Filter>..\fileapi</Filter></ClCompile><ClCompile Include="..\fileapi\isolated_file_util.cc"><Filter>..\fileapi</Filter></ClCompile><ClInclude Include="..\fileapi\file_util_helper.h"><Filter>..\fileapi</Filter></ClInclude><ClInclude Include="..\fileapi\local_file_stream_writer.h"><Filter>..\fileapi</Filter></ClInclude><ClCompile Include="..\fileapi\native_file_util.cc"><Filter>..\fileapi</Filter></ClCompile><ClInclude Include="..\fileapi\file_system_mount_point_provider.h"><Filter>..\fileapi</Filter></ClInclude><ClInclude Include="..\fileapi\file_system_directory_database.h"><Filter>..\fileapi</Filter></ClInclude><ClInclude Include="..\fileapi\file_system_callback_dispatcher.h"><Filter>..\fileapi</Filter></ClInclude><ClCompile Include="..\fileapi\isolated_mount_point_provider.cc"><Filter>..\fileapi</Filter></ClCompile><ClCompile Include="..\fileapi\file_system_quota_util.cc"><Filter>..\fileapi</Filter></ClCompile><ClCompile Include="..\fileapi\file_system_file_util_proxy.cc"><Filter>..\fileapi</Filter></ClCompile><ClInclude Include="..\fileapi\obfuscated_file_util.h"><Filter>..\fileapi</Filter></ClInclude><ClCompile Include="..\fileapi\sandbox_file_stream_writer.cc"><Filter>..\fileapi</Filter></ClCompile><ClCompile Include="..\fileapi\file_system_directory_database.cc"><Filter>..\fileapi</Filter></ClCompile><ClCompile Include="..\fileapi\webfilewriter_base.cc"><Filter>..\fileapi</Filter></ClCompile><ClInclude Include="..\fileapi\file_stream_writer.h"><Filter>..\fileapi</Filter></ClInclude><ClCompile Include="..\fileapi\file_writer_delegate.cc"><Filter>..\fileapi</Filter></ClCompile><ClCompile Include="..\fileapi\local_file_stream_writer.cc"><Filter>..\fileapi</Filter></ClCompile><ClCompile Include="..\fileapi\file_system_url_request_job_factory.cc"><Filter>..\fileapi</Filter></ClCompile><ClCompile Include="..\fileapi\file_system_origin_database.cc"><Filter>..\fileapi</Filter></ClCompile><ClInclude Include="..\fileapi\file_system_url_request_job_factory.h"><Filter>..\fileapi</Filter></ClInclude><ClCompile Include="..\fileapi\file_system_context.cc"><Filter>..\fileapi</Filter></ClCompile><ClInclude Include="..\fileapi\isolated_context.h"><Filter>..\fileapi</Filter></ClInclude><ClInclude Include="..\fileapi\file_system_operation_context.h"><Filter>..\fileapi</Filter></ClInclude><ClCompile Include="..\fileapi\isolated_context.cc"><Filter>..\fileapi</Filter></ClCompile><ClInclude Include="..\fileapi\file_writer_delegate.h"><Filter>..\fileapi</Filter></ClInclude><ClInclude Include="..\fileapi\file_system_util.h"><Filter>..\fileapi</Filter></ClInclude><ClCompile Include="..\fileapi\file_system_quota_client.cc"><Filter>..\fileapi</Filter></ClCompile><ClCompile Include="..\fileapi\file_system_options.cc"><Filter>..\fileapi</Filter></ClCompile><ClInclude Include="..\fileapi\file_system_path.h"><Filter>..\fileapi</Filter></ClInclude><ClCompile Include="..\fileapi\file_system_url_request_job.cc"><Filter>..\fileapi</Filter></ClCompile><ClInclude Include="..\fileapi\file_system_usage_cache.h"><Filter>..\fileapi</Filter></ClInclude><ClCompile Include="..\fileapi\test_mount_point_provider.cc"><Filter>..\fileapi</Filter></ClCompile><ClCompile Include="..\fileapi\file_util_helper.cc"><Filter>..\fileapi</Filter></ClCompile><ClInclude Include="..\fileapi\file_system_quota_util.h"><Filter>..\fileapi</Filter></ClInclude><ClInclude Include="..\fileapi\file_system_quota_client.h"><Filter>..\fileapi</Filter></ClInclude><ClInclude Include="..\fileapi\file_system_file_stream_reader.h"><Filter>..\fileapi</Filter></ClInclude><ClCompile Include="..\fileapi\file_system_callback_dispatcher.cc"><Filter>..\fileapi</Filter></ClCompile><ClCompile Include="..\fileapi\file_system_file_stream_reader.cc"><Filter>..\fileapi</Filter></ClCompile><ClCompile Include="..\fileapi\file_system_usage_cache.cc"><Filter>..\fileapi</Filter></ClCompile><ClInclude Include="..\fileapi\file_system_operation.h"><Filter>..\fileapi</Filter></ClInclude><ClInclude Include="..\fileapi\test_mount_point_provider.h"><Filter>..\fileapi</Filter></ClInclude><ClInclude Include="..\fileapi\file_system_options.h"><Filter>..\fileapi</Filter></ClInclude><ClInclude Include="..\fileapi\sandbox_mount_point_provider.h"><Filter>..\fileapi</Filter></ClInclude><ClInclude Include="..\fileapi\webfilewriter_base.h"><Filter>..\fileapi</Filter></ClInclude><ClCompile Include="..\fileapi\file_system_util.cc"><Filter>..\fileapi</Filter></ClCompile><ClCompile Include="..\fileapi\file_system_operation.cc"><Filter>..\fileapi</Filter></ClCompile><ClInclude Include="..\fileapi\sandbox_file_stream_writer.h"><Filter>..\fileapi</Filter></ClInclude><ClCompile Include="..\fileapi\sandbox_mount_point_provider.cc"><Filter>..\fileapi</Filter></ClCompile><ClInclude Include="..\fileapi\file_system_file_util.h"><Filter>..\fileapi</Filter></ClInclude><ClInclude Include="..\fileapi\file_system_origin_database.h"><Filter>..\fileapi</Filter></ClInclude><ClInclude Include="..\fileapi\file_system_types.h"><Filter>..\fileapi</Filter></ClInclude><ClCompile Include="..\fileapi\file_system_path.cc"><Filter>..\fileapi</Filter></ClCompile><ClCompile Include="..\fileapi\file_system_operation_context.cc"><Filter>..\fileapi</Filter></ClCompile><ClInclude Include="..\fileapi\file_system_context.h"><Filter>..\fileapi</Filter></ClInclude><ClInclude Include="..\fileapi\native_file_util.h"><Filter>..\fileapi</Filter></ClInclude><ClCompile Include="..\fileapi\file_system_dir_url_request_job.cc"><Filter>..\fileapi</Filter></ClCompile><ClInclude Include="..\fileapi\local_file_util.h"><Filter>..\fileapi</Filter></ClInclude><ClInclude Include="..\fileapi\isolated_file_util.h"><Filter>..\fileapi</Filter></ClInclude><ClInclude Include="..\fileapi\file_system_file_util_proxy.h"><Filter>..\fileapi</Filter></ClInclude><ClCompile Include="..\fileapi\local_file_util.cc"><Filter>..\fileapi</Filter></ClCompile><ClInclude Include="..\fileapi\file_system_url_request_job.h"><Filter>..\fileapi</Filter></ClInclude><ClInclude Include="..\fileapi\isolated_mount_point_provider.h"><Filter>..\fileapi</Filter></ClInclude><ClCompile Include="..\..\build\precompile.cc"><Filter>..\..\build</Filter></ClCompile></ItemGroup></Project>