<?xml version="1.0" encoding="utf-8"?><Project ToolsVersion="4.0" xmlns="http://schemas.microsoft.com/developer/msbuild/2003"><ItemGroup><Filter Include=".."><UniqueIdentifier>{739DB09A-CC57-A953-A6CF-F64FA08E4FA7}</UniqueIdentifier></Filter><Filter Include="..\forms"><UniqueIdentifier>{263A6BAB-AEFD-62FE-04FB-34686D39A749}</UniqueIdentifier></Filter><Filter Include="..\glue"><UniqueIdentifier>{9C0EBFC5-0C0B-8A11-B834-3199D9447A2E}</UniqueIdentifier></Filter><Filter Include="..\glue\_excluded_files"><UniqueIdentifier>{158E591E-B6EA-0C85-8F5A-18EAFA09B4CE}</UniqueIdentifier></Filter><Filter Include="..\.."><UniqueIdentifier>{739DB09A-CC57-A953-A6CF-F64FA08E4FA7}</UniqueIdentifier></Filter><Filter Include="..\..\build"><UniqueIdentifier>{D5519164-BF26-36DA-740B-76CEFC1827F4}</UniqueIdentifier></Filter><Filter Include="..\plugins"><UniqueIdentifier>{9DE023B3-F1C0-CF0D-AF52-3287B388D922}</UniqueIdentifier></Filter><Filter Include="..\plugins\npapi"><UniqueIdentifier>{2C243298-BAEA-FB05-9ADC-83FF12AC8DCF}</UniqueIdentifier></Filter><Filter Include="..\plugins\npapi\_excluded_files"><UniqueIdentifier>{158E591E-B6EA-0C85-8F5A-18EAFA09B4CE}</UniqueIdentifier></Filter><Filter Include="..\plugins\ppapi"><UniqueIdentifier>{15C4068B-59E6-A58B-C933-FCE0F2E45305}</UniqueIdentifier></Filter><Filter Include="..\plugins\ppapi\_excluded_files"><UniqueIdentifier>{158E591E-B6EA-0C85-8F5A-18EAFA09B4CE}</UniqueIdentifier></Filter></ItemGroup><ItemGroup><None Include="webkit_support.gyp"/><ClInclude Include="..\forms\webkit_forms_export.h"><Filter>..\forms</Filter></ClInclude><ClInclude Include="..\forms\password_form_dom_manager.h"><Filter>..\forms</Filter></ClInclude><ClCompile Include="..\forms\form_field.cc"><Filter>..\forms</Filter></ClCompile><ClCompile Include="..\forms\form_field_predictions.cc"><Filter>..\forms</Filter></ClCompile><ClCompile Include="..\forms\form_data.cc"><Filter>..\forms</Filter></ClCompile><ClCompile Include="..\forms\form_data_predictions.cc"><Filter>..\forms</Filter></ClCompile><ClCompile Include="..\forms\password_form.cc"><Filter>..\forms</Filter></ClCompile><ClInclude Include="..\forms\form_field_predictions.h"><Filter>..\forms</Filter></ClInclude><ClInclude Include="..\forms\form_field.h"><Filter>..\forms</Filter></ClInclude><ClCompile Include="..\forms\password_form_dom_manager.cc"><Filter>..\forms</Filter></ClCompile><ClInclude Include="..\forms\password_form.h"><Filter>..\forms</Filter></ClInclude><ClInclude Include="..\forms\form_data_predictions.h"><Filter>..\forms</Filter></ClInclude><ClInclude Include="..\forms\form_data.h"><Filter>..\forms</Filter></ClInclude><ClInclude Include="..\glue\p2p_transport.h"><Filter>..\glue</Filter></ClInclude><ClCompile Include="..\glue\websocketstreamhandle_impl.cc"><Filter>..\glue</Filter></ClCompile><ClInclude Include="..\glue\webthemeengine_impl_android.h"><Filter>..\glue</Filter></ClInclude><ClInclude Include="..\glue\idb_bindings.h"><Filter>..\glue</Filter></ClInclude><ClInclude Include="..\glue\gl_bindings_skia_cmd_buffer.h"><Filter>..\glue</Filter></ClInclude><ClCompile Include="..\glue\image_resource_fetcher.cc"><Filter>..\glue</Filter></ClCompile><ClInclude Include="..\glue\websocketstreamhandle_delegate.h"><Filter>..\glue</Filter></ClInclude><ClInclude Include="..\glue\webpreferences.h"><Filter>..\glue</Filter></ClInclude><ClInclude Include="..\glue\web_intent_data.h"><Filter>..\glue</Filter></ClInclude><ClInclude Include="..\glue\cpp_variant.h"><Filter>..\glue</Filter></ClInclude><ClCompile Include="..\glue\worker_task_runner.cc"><Filter>..\glue</Filter></ClCompile><ClCompile Include="..\glue\window_open_disposition.cc"><Filter>..\glue</Filter></ClCompile><ClCompile Include="..\glue\alt_error_page_resource_fetcher.cc"><Filter>..\glue</Filter></ClCompile><ClInclude Include="..\glue\webcookie.h"><Filter>..\glue</Filter></ClInclude><ClInclude Include="..\glue\resource_loader_bridge.h"><Filter>..\glue</Filter></ClInclude><ClCompile Include="..\glue\idb_bindings.cc"><Filter>..\glue</Filter></ClCompile><ClCompile Include="..\glue\cpp_binding_example.cc"><Filter>..\glue</Filter></ClCompile><ClInclude Include="..\glue\webthemeengine_impl_win.h"><Filter>..\glue</Filter></ClInclude><ClInclude Include="..\glue\webkitplatformsupport_impl.h"><Filter>..\glue</Filter></ClInclude><ClCompile Include="..\glue\webkit_glue.cc"><Filter>..\glue</Filter></ClCompile><ClInclude Include="..\glue\web_io_operators.h"><Filter>..\glue</Filter></ClInclude><ClCompile Include="..\glue\weburlrequest_extradata_impl.cc"><Filter>..\glue</Filter></ClCompile><ClCompile Include="..\glue\weburlresponse_extradata_impl.cc"><Filter>..\glue</Filter></ClCompile><ClInclude Include="..\glue\worker_task_runner.h"><Filter>..\glue</Filter></ClInclude><ClInclude Include="..\glue\dom_operations.h"><Filter>..\glue</Filter></ClInclude><ClInclude Include="..\glue\image_decoder.h"><Filter>..\glue</Filter></ClInclude><ClInclude Include="..\glue\simple_webmimeregistry_impl.h"><Filter>..\glue</Filter></ClInclude><ClCompile Include="..\glue\webdropdata.cc"><Filter>..\glue</Filter></ClCompile><ClCompile Include="..\glue\glue_serialize.cc"><Filter>..\glue</Filter></ClCompile><ClCompile Include="..\glue\ftp_directory_listing_response_delegate.cc"><Filter>..\glue</Filter></ClCompile><ClInclude Include="..\glue\webkit_constants.h"><Filter>..\glue</Filter></ClInclude><ClInclude Include="..\glue\webkit_glue.h"><Filter>..\glue</Filter></ClInclude><ClInclude Include="..\glue\image_resource_fetcher.h"><Filter>..\glue</Filter></ClInclude><ClInclude Include="..\glue\weburlresponse_extradata_impl.h"><Filter>..\glue</Filter></ClInclude><ClInclude Include="..\glue\alt_error_page_resource_fetcher.h"><Filter>..\glue</Filter></ClInclude><ClCompile Include="..\glue\dom_operations.cc"><Filter>..\glue</Filter></ClCompile><ClCompile Include="..\glue\webcursor_win.cc"><Filter>..\glue</Filter></ClCompile><ClCompile Include="..\glue\webcookie.cc"><Filter>..\glue</Filter></ClCompile><ClInclude Include="..\glue\webkit_glue_export.h"><Filter>..\glue</Filter></ClInclude><ClCompile Include="..\glue\resource_type.cc"><Filter>..\glue</Filter></ClCompile><ClInclude Include="..\glue\webcursor.h"><Filter>..\glue</Filter></ClInclude><ClCompile Include="..\glue\web_io_operators.cc"><Filter>..\glue</Filter></ClCompile><ClInclude Include="..\glue\ftp_directory_listing_response_delegate.h"><Filter>..\glue</Filter></ClInclude><ClCompile Include="..\glue\image_decoder.cc"><Filter>..\glue</Filter></ClCompile><ClCompile Include="..\glue\cpp_bound_class.cc"><Filter>..\glue</Filter></ClCompile><ClCompile Include="..\glue\resource_fetcher.cc"><Filter>..\glue</Filter></ClCompile><ClCompile Include="..\glue\web_intent_service_data.cc"><Filter>..\glue</Filter></ClCompile><ClInclude Include="..\glue\resource_fetcher.h"><Filter>..\glue</Filter></ClInclude><ClCompile Include="..\glue\webpreferences.cc"><Filter>..\glue</Filter></ClCompile><ClInclude Include="..\glue\webthread_impl.h"><Filter>..\glue</Filter></ClInclude><ClCompile Include="..\glue\webcursor.cc"><Filter>..\glue</Filter></ClCompile><ClInclude Include="..\glue\multipart_response_delegate.h"><Filter>..\glue</Filter></ClInclude><ClCompile Include="..\glue\webkitplatformsupport_impl.cc"><Filter>..\glue</Filter></ClCompile><ClInclude Include="..\glue\web_intent_reply_data.h"><Filter>..\glue</Filter></ClInclude><ClInclude Include="..\glue\cpp_bound_class.h"><Filter>..\glue</Filter></ClInclude><ClInclude Include="..\glue\webmenuitem.h"><Filter>..\glue</Filter></ClInclude><ClInclude Include="..\glue\websocketstreamhandle_impl.h"><Filter>..\glue</Filter></ClInclude><ClCompile Include="..\glue\webdropdata_win.cc"><Filter>..\glue</Filter></ClCompile><ClCompile Include="..\glue\multipart_response_delegate.cc"><Filter>..\glue</Filter></ClCompile><ClInclude Include="..\glue\websocketstreamhandle_bridge.h"><Filter>..\glue</Filter></ClInclude><ClCompile Include="..\glue\gl_bindings_skia_cmd_buffer.cc"><Filter>..\glue</Filter></ClCompile><ClCompile Include="..\glue\webclipboard_impl.cc"><Filter>..\glue</Filter></ClCompile><ClCompile Include="..\glue\scoped_clipboard_writer_glue.cc"><Filter>..\glue</Filter></ClCompile><ClInclude Include="..\glue\weburlloader_impl.h"><Filter>..\glue</Filter></ClInclude><ClInclude Include="..\glue\scoped_clipboard_writer_glue.h"><Filter>..\glue</Filter></ClInclude><ClCompile Include="..\glue\webfileutilities_impl.cc"><Filter>..\glue</Filter></ClCompile><ClCompile Include="..\glue\webthread_impl.cc"><Filter>..\glue</Filter></ClCompile><ClCompile Include="..\glue\resource_loader_bridge.cc"><Filter>..\glue</Filter></ClCompile><ClInclude Include="..\glue\weburlrequest_extradata_impl.h"><Filter>..\glue</Filter></ClInclude><ClInclude Include="..\glue\glue_serialize.h"><Filter>..\glue</Filter></ClInclude><ClCompile Include="..\glue\webmenuitem.cc"><Filter>..\glue</Filter></ClCompile><ClInclude Include="..\glue\webdropdata.h"><Filter>..\glue</Filter></ClInclude><ClCompile Include="..\glue\simple_webmimeregistry_impl.cc"><Filter>..\glue</Filter></ClCompile><ClInclude Include="..\glue\window_open_disposition.h"><Filter>..\glue</Filter></ClInclude><ClInclude Include="..\glue\cpp_binding_example.h"><Filter>..\glue</Filter></ClInclude><ClCompile Include="..\glue\weburlloader_impl.cc"><Filter>..\glue</Filter></ClCompile><ClInclude Include="..\glue\webfileutilities_impl.h"><Filter>..\glue</Filter></ClInclude><ClCompile Include="..\glue\web_intent_data.cc"><Filter>..\glue</Filter></ClCompile><ClCompile Include="..\glue\webthemeengine_impl_win.cc"><Filter>..\glue</Filter></ClCompile><ClInclude Include="..\glue\webcursor_gtk_data.h"><Filter>..\glue</Filter></ClInclude><ClInclude Include="..\glue\web_intent_service_data.h"><Filter>..\glue</Filter></ClInclude><ClCompile Include="..\glue\p2p_transport.cc"><Filter>..\glue</Filter></ClCompile><ClInclude Include="..\glue\webclipboard_impl.h"><Filter>..\glue</Filter></ClInclude><ClInclude Include="..\glue\resource_type.h"><Filter>..\glue</Filter></ClInclude><ClCompile Include="..\glue\cpp_variant.cc"><Filter>..\glue</Filter></ClCompile><ClInclude Include="..\glue\npruntime_util.h"><Filter>..\glue</Filter></ClInclude><ClInclude Include="..\glue\network_list_observer.h"><Filter>..\glue</Filter></ClInclude><ClCompile Include="..\glue\npruntime_util.cc"><Filter>..\glue</Filter></ClCompile><ClCompile Include="..\glue\webthemeengine_impl_linux.cc"><Filter>..\glue\_excluded_files</Filter></ClCompile><ClCompile Include="..\glue\webcursor_aura.cc"><Filter>..\glue\_excluded_files</Filter></ClCompile><ClInclude Include="..\glue\webthemeengine_impl_mac.h"><Filter>..\glue\_excluded_files</Filter></ClInclude><ClCompile Include="..\glue\webcursor_android.cc"><Filter>..\glue\_excluded_files</Filter></ClCompile><ClCompile Include="..\glue\webthemeengine_impl_android.cc"><Filter>..\glue\_excluded_files</Filter></ClCompile><ClInclude Include="..\glue\webmenurunner_mac.h"><Filter>..\glue\_excluded_files</Filter></ClInclude><None Include="..\glue\webmenurunner_mac.mm"><Filter>..\glue\_excluded_files</Filter></None><ClInclude Include="..\glue\webthemeengine_impl_linux.h"><Filter>..\glue\_excluded_files</Filter></ClInclude><ClCompile Include="..\glue\webthemeengine_impl_mac.cc"><Filter>..\glue\_excluded_files</Filter></ClCompile><ClCompile Include="..\glue\webcursor_aurawin.cc"><Filter>..\glue\_excluded_files</Filter></ClCompile><ClCompile Include="..\glue\webcursor_aurax11.cc"><Filter>..\glue\_excluded_files</Filter></ClCompile><None Include="..\glue\webcursor_mac.mm"><Filter>..\glue\_excluded_files</Filter></None><ClCompile Include="..\glue\webcursor_gtk.cc"><Filter>..\glue\_excluded_files</Filter></ClCompile><ClCompile Include="..\..\build\precompile.cc"><Filter>..\..\build</Filter></ClCompile><ClInclude Include="..\plugins\sad_plugin.h"><Filter>..\plugins</Filter></ClInclude><ClCompile Include="..\plugins\webplugininfo.cc"><Filter>..\plugins</Filter></ClCompile><ClInclude Include="..\plugins\plugin_switches.h"><Filter>..\plugins</Filter></ClInclude><ClCompile Include="..\plugins\sad_plugin.cc"><Filter>..\plugins</Filter></ClCompile><ClInclude Include="..\plugins\plugin_constants.h"><Filter>..\plugins</Filter></ClInclude><ClInclude Include="..\plugins\webplugininfo.h"><Filter>..\plugins</Filter></ClInclude><ClInclude Include="..\plugins\webkit_plugins_export.h"><Filter>..\plugins</Filter></ClInclude><ClCompile Include="..\plugins\plugin_constants.cc"><Filter>..\plugins</Filter></ClCompile><ClCompile Include="..\plugins\plugin_switches.cc"><Filter>..\plugins</Filter></ClCompile><ClCompile Include="..\plugins\webview_plugin.cc"><Filter>..\plugins</Filter></ClCompile><ClInclude Include="..\plugins\webview_plugin.h"><Filter>..\plugins</Filter></ClInclude><ClInclude Include="..\plugins\npapi\plugin_instance.h"><Filter>..\plugins\npapi</Filter></ClInclude><ClInclude Include="..\plugins\npapi\plugin_stream.h"><Filter>..\plugins\npapi</Filter></ClInclude><ClInclude Include="..\plugins\npapi\plugin_host.h"><Filter>..\plugins\npapi</Filter></ClInclude><ClInclude Include="..\plugins\npapi\plugin_stream_url.h"><Filter>..\plugins\npapi</Filter></ClInclude><ClCompile Include="..\plugins\npapi\webplugin_ime_win.cc"><Filter>..\plugins\npapi</Filter></ClCompile><ClCompile Include="..\plugins\npapi\plugin_instance.cc"><Filter>..\plugins\npapi</Filter></ClCompile><ClCompile Include="..\plugins\npapi\plugin_lib.cc"><Filter>..\plugins\npapi</Filter></ClCompile><ClCompile Include="..\plugins\npapi\plugin_stream_win.cc"><Filter>..\plugins\npapi</Filter></ClCompile><ClInclude Include="..\plugins\npapi\plugin_constants_win.h"><Filter>..\plugins\npapi</Filter></ClInclude><ClCompile Include="..\plugins\npapi\plugin_stream_url.cc"><Filter>..\plugins\npapi</Filter></ClCompile><ClCompile Include="..\plugins\npapi\plugin_stream.cc"><Filter>..\plugins\npapi</Filter></ClCompile><ClCompile Include="..\plugins\npapi\plugin_list_win.cc"><Filter>..\plugins\npapi</Filter></ClCompile><ClCompile Include="..\plugins\npapi\webplugin.cc"><Filter>..\plugins\npapi</Filter></ClCompile><ClInclude Include="..\plugins\npapi\webplugin_delegate.h"><Filter>..\plugins\npapi</Filter></ClInclude><ClCompile Include="..\plugins\npapi\plugin_group.cc"><Filter>..\plugins\npapi</Filter></ClCompile><ClCompile Include="..\plugins\npapi\webplugin_delegate_impl_win.cc"><Filter>..\plugins\npapi</Filter></ClCompile><ClCompile Include="..\plugins\npapi\plugin_constants_win.cc"><Filter>..\plugins\npapi</Filter></ClCompile><ClInclude Include="..\plugins\npapi\plugin_lib.h"><Filter>..\plugins\npapi</Filter></ClInclude><ClInclude Include="..\plugins\npapi\plugin_string_stream.h"><Filter>..\plugins\npapi</Filter></ClInclude><ClInclude Include="..\plugins\npapi\webplugin_ime_win.h"><Filter>..\plugins\npapi</Filter></ClInclude><ClCompile Include="..\plugins\npapi\webplugin_delegate_impl.cc"><Filter>..\plugins\npapi</Filter></ClCompile><ClCompile Include="..\plugins\npapi\plugin_list.cc"><Filter>..\plugins\npapi</Filter></ClCompile><ClInclude Include="..\plugins\npapi\webplugin.h"><Filter>..\plugins\npapi</Filter></ClInclude><ClInclude Include="..\plugins\npapi\webplugin_impl.h"><Filter>..\plugins\npapi</Filter></ClInclude><ClCompile Include="..\plugins\npapi\plugin_host.cc"><Filter>..\plugins\npapi</Filter></ClCompile><ClInclude Include="..\plugins\npapi\plugin_list.h"><Filter>..\plugins\npapi</Filter></ClInclude><ClCompile Include="..\plugins\npapi\plugin_string_stream.cc"><Filter>..\plugins\npapi</Filter></ClCompile><ClInclude Include="..\plugins\npapi\plugin_group.h"><Filter>..\plugins\npapi</Filter></ClInclude><ClCompile Include="..\plugins\npapi\plugin_lib_win.cc"><Filter>..\plugins\npapi</Filter></ClCompile><ClCompile Include="..\plugins\npapi\webplugin_impl.cc"><Filter>..\plugins\npapi</Filter></ClCompile><ClInclude Include="..\plugins\npapi\webplugin_delegate_impl.h"><Filter>..\plugins\npapi</Filter></ClInclude><ClInclude Include="..\plugins\npapi\coregraphics_private_symbols_mac.h"><Filter>..\plugins\npapi\_excluded_files</Filter></ClInclude><None Include="..\plugins\npapi\plugin_web_event_converter_mac.mm"><Filter>..\plugins\npapi\_excluded_files</Filter></None><ClCompile Include="..\plugins\npapi\gtk_plugin_container_manager.cc"><Filter>..\plugins\npapi\_excluded_files</Filter></ClCompile><ClCompile Include="..\plugins\npapi\gtk_plugin_container.cc"><Filter>..\plugins\npapi\_excluded_files</Filter></ClCompile><ClCompile Include="..\plugins\npapi\webplugin_delegate_impl_android.cc"><Filter>..\plugins\npapi\_excluded_files</Filter></ClCompile><ClCompile Include="..\plugins\npapi\plugin_lib_posix.cc"><Filter>..\plugins\npapi\_excluded_files</Filter></ClCompile><ClCompile Include="..\plugins\npapi\webplugin_delegate_impl_gtk.cc"><Filter>..\plugins\npapi\_excluded_files</Filter></ClCompile><ClInclude Include="..\plugins\npapi\gtk_plugin_container.h"><Filter>..\plugins\npapi\_excluded_files</Filter></ClInclude><None Include="..\plugins\npapi\plugin_lib_mac.mm"><Filter>..\plugins\npapi\_excluded_files</Filter></None><ClInclude Include="..\plugins\npapi\webplugin_accelerated_surface_mac.h"><Filter>..\plugins\npapi\_excluded_files</Filter></ClInclude><ClCompile Include="..\plugins\npapi\quickdraw_drawing_manager_mac.cc"><Filter>..\plugins\npapi\_excluded_files</Filter></ClCompile><ClInclude Include="..\plugins\npapi\plugin_web_event_converter_mac.h"><Filter>..\plugins\npapi\_excluded_files</Filter></ClInclude><ClInclude Include="..\plugins\npapi\gtk_plugin_container_manager.h"><Filter>..\plugins\npapi\_excluded_files</Filter></ClInclude><ClCompile Include="..\plugins\npapi\plugin_list_posix.cc"><Filter>..\plugins\npapi\_excluded_files</Filter></ClCompile><ClCompile Include="..\plugins\npapi\carbon_plugin_window_tracker_mac.cc"><Filter>..\plugins\npapi\_excluded_files</Filter></ClCompile><ClCompile Include="..\plugins\npapi\plugin_stream_posix.cc"><Filter>..\plugins\npapi\_excluded_files</Filter></ClCompile><None Include="..\plugins\npapi\webplugin_delegate_impl_mac.mm"><Filter>..\plugins\npapi\_excluded_files</Filter></None><ClInclude Include="..\plugins\npapi\quickdraw_drawing_manager_mac.h"><Filter>..\plugins\npapi\_excluded_files</Filter></ClInclude><None Include="..\plugins\npapi\plugin_instance_mac.mm"><Filter>..\plugins\npapi\_excluded_files</Filter></None><None Include="..\plugins\npapi\plugin_list_mac.mm"><Filter>..\plugins\npapi\_excluded_files</Filter></None><ClInclude Include="..\plugins\npapi\carbon_plugin_window_tracker_mac.h"><Filter>..\plugins\npapi\_excluded_files</Filter></ClInclude><ClCompile Include="..\plugins\npapi\webplugin_delegate_impl_aura.cc"><Filter>..\plugins\npapi\_excluded_files</Filter></ClCompile><ClCompile Include="..\plugins\ppapi\ppb_graphics_2d_impl.cc"><Filter>..\plugins\ppapi</Filter></ClCompile><ClInclude Include="..\plugins\ppapi\ppb_directory_reader_impl.h"><Filter>..\plugins\ppapi</Filter></ClInclude><ClInclude Include="..\plugins\ppapi\ppb_websocket_impl.h"><Filter>..\plugins\ppapi</Filter></ClInclude><ClCompile Include="..\plugins\ppapi\ppb_url_request_info_impl.cc"><Filter>..\plugins\ppapi</Filter></ClCompile><ClInclude Include="..\plugins\ppapi\ppb_audio_impl.h"><Filter>..\plugins\ppapi</Filter></ClInclude><ClInclude Include="..\plugins\ppapi\host_array_buffer_var.h"><Filter>..\plugins\ppapi</Filter></ClInclude><ClInclude Include="..\plugins\ppapi\ppb_file_ref_impl.h"><Filter>..\plugins\ppapi</Filter></ClInclude><ClCompile Include="..\plugins\ppapi\ppb_directory_reader_impl.cc"><Filter>..\plugins\ppapi</Filter></ClCompile><ClInclude Include="..\plugins\ppapi\ppb_file_system_impl.h"><Filter>..\plugins\ppapi</Filter></ClInclude><ClCompile Include="..\plugins\ppapi\ppb_audio_input_impl.cc"><Filter>..\plugins\ppapi</Filter></ClCompile><ClInclude Include="..\plugins\ppapi\host_var_tracker.h"><Filter>..\plugins\ppapi</Filter></ClInclude><ClCompile Include="..\plugins\ppapi\npapi_glue.cc"><Filter>..\plugins\ppapi</Filter></ClCompile><ClCompile Include="..\plugins\ppapi\quota_file_io.cc"><Filter>..\plugins\ppapi</Filter></ClCompile><ClInclude Include="..\plugins\ppapi\ppb_host_resolver_private_impl.h"><Filter>..\plugins\ppapi</Filter></ClInclude><ClInclude Include="..\plugins\ppapi\ppb_scrollbar_impl.h"><Filter>..\plugins\ppapi</Filter></ClInclude><ClCompile Include="..\plugins\ppapi\ppb_scrollbar_impl.cc"><Filter>..\plugins\ppapi</Filter></ClCompile><ClCompile Include="..\plugins\ppapi\ppb_file_chooser_impl.cc"><Filter>..\plugins\ppapi</Filter></ClCompile><ClCompile Include="..\plugins\ppapi\audio_helper.cc"><Filter>..\plugins\ppapi</Filter></ClCompile><ClInclude Include="..\plugins\ppapi\fullscreen_container.h"><Filter>..\plugins\ppapi</Filter></ClInclude><ClCompile Include="..\plugins\ppapi\string.cc"><Filter>..\plugins\ppapi</Filter></ClCompile><ClCompile Include="..\plugins\ppapi\ppb_proxy_impl.cc"><Filter>..\plugins\ppapi</Filter></ClCompile><ClCompile Include="..\plugins\ppapi\ppb_url_loader_impl.cc"><Filter>..\plugins\ppapi</Filter></ClCompile><ClInclude Include="..\plugins\ppapi\event_conversion.h"><Filter>..\plugins\ppapi</Filter></ClInclude><ClInclude Include="..\plugins\ppapi\resource_helper.h"><Filter>..\plugins\ppapi</Filter></ClInclude><ClInclude Include="..\plugins\ppapi\ppb_proxy_impl.h"><Filter>..\plugins\ppapi</Filter></ClInclude><ClInclude Include="..\plugins\ppapi\plugin_module.h"><Filter>..\plugins\ppapi</Filter></ClInclude><ClCompile Include="..\plugins\ppapi\ppb_var_deprecated_impl.cc"><Filter>..\plugins\ppapi</Filter></ClCompile><ClCompile Include="..\plugins\ppapi\ppb_widget_impl.cc"><Filter>..\plugins\ppapi</Filter></ClCompile><ClInclude Include="..\plugins\ppapi\ppb_file_chooser_impl.h"><Filter>..\plugins\ppapi</Filter></ClInclude><ClCompile Include="..\plugins\ppapi\ppb_tcp_server_socket_private_impl.cc"><Filter>..\plugins\ppapi</Filter></ClCompile><ClCompile Include="..\plugins\ppapi\ppb_flash_message_loop_impl.cc"><Filter>..\plugins\ppapi</Filter></ClCompile><ClCompile Include="..\plugins\ppapi\host_globals.cc"><Filter>..\plugins\ppapi</Filter></ClCompile><ClCompile Include="..\plugins\ppapi\ppb_uma_private_impl.cc"><Filter>..\plugins\ppapi</Filter></ClCompile><ClInclude Include="..\plugins\ppapi\ppb_url_loader_impl.h"><Filter>..\plugins\ppapi</Filter></ClInclude><ClInclude Include="..\plugins\ppapi\ppb_url_request_info_impl.h"><Filter>..\plugins\ppapi</Filter></ClInclude><ClInclude Include="..\plugins\ppapi\ppb_broker_impl.h"><Filter>..\plugins\ppapi</Filter></ClInclude><ClInclude Include="..\plugins\ppapi\ppb_video_capture_impl.h"><Filter>..\plugins\ppapi</Filter></ClInclude><ClCompile Include="..\plugins\ppapi\ppb_video_layer_software.cc"><Filter>..\plugins\ppapi</Filter></ClCompile><ClCompile Include="..\plugins\ppapi\npobject_var.cc"><Filter>..\plugins\ppapi</Filter></ClCompile><ClCompile Include="..\plugins\ppapi\ppb_x509_certificate_private_impl.cc"><Filter>..\plugins\ppapi</Filter></ClCompile><ClCompile Include="..\plugins\ppapi\ppb_audio_impl.cc"><Filter>..\plugins\ppapi</Filter></ClCompile><ClInclude Include="..\plugins\ppapi\string.h"><Filter>..\plugins\ppapi</Filter></ClInclude><ClInclude Include="..\plugins\ppapi\ppb_uma_private_impl.h"><Filter>..\plugins\ppapi</Filter></ClInclude><ClCompile Include="..\plugins\ppapi\file_callbacks.cc"><Filter>..\plugins\ppapi</Filter></ClCompile><ClCompile Include="..\plugins\ppapi\ppb_image_data_impl.cc"><Filter>..\plugins\ppapi</Filter></ClCompile><ClInclude Include="..\plugins\ppapi\npobject_var.h"><Filter>..\plugins\ppapi</Filter></ClInclude><ClInclude Include="..\plugins\ppapi\ppb_flash_impl.h"><Filter>..\plugins\ppapi</Filter></ClInclude><ClCompile Include="..\plugins\ppapi\ppb_url_response_info_impl.cc"><Filter>..\plugins\ppapi</Filter></ClCompile><ClInclude Include="..\plugins\ppapi\ppb_video_layer_software.h"><Filter>..\plugins\ppapi</Filter></ClInclude><ClInclude Include="..\plugins\ppapi\ppb_layer_compositor_impl.h"><Filter>..\plugins\ppapi</Filter></ClInclude><ClInclude Include="..\plugins\ppapi\ppapi_interface_factory.h"><Filter>..\plugins\ppapi</Filter></ClInclude><ClCompile Include="..\plugins\ppapi\ppb_video_decoder_impl.cc"><Filter>..\plugins\ppapi</Filter></ClCompile><ClInclude Include="..\plugins\ppapi\ppb_tcp_socket_private_impl.h"><Filter>..\plugins\ppapi</Filter></ClInclude><ClInclude Include="..\plugins\ppapi\file_callbacks.h"><Filter>..\plugins\ppapi</Filter></ClInclude><ClCompile Include="..\plugins\ppapi\plugin_module.cc"><Filter>..\plugins\ppapi</Filter></ClCompile><ClCompile Include="..\plugins\ppapi\ppb_websocket_impl.cc"><Filter>..\plugins\ppapi</Filter></ClCompile><ClInclude Include="..\plugins\ppapi\ppb_var_deprecated_impl.h"><Filter>..\plugins\ppapi</Filter></ClInclude><ClInclude Include="..\plugins\ppapi\ppb_image_data_impl.h"><Filter>..\plugins\ppapi</Filter></ClInclude><ClInclude Include="..\plugins\ppapi\audio_helper.h"><Filter>..\plugins\ppapi</Filter></ClInclude><ClInclude Include="..\plugins\ppapi\ppb_url_response_info_impl.h"><Filter>..\plugins\ppapi</Filter></ClInclude><ClCompile Include="..\plugins\ppapi\resource_helper.cc"><Filter>..\plugins\ppapi</Filter></ClCompile><ClInclude Include="..\plugins\ppapi\message_channel.h"><Filter>..\plugins\ppapi</Filter></ClInclude><ClInclude Include="..\plugins\ppapi\plugin_object.h"><Filter>..\plugins\ppapi</Filter></ClInclude><ClInclude Include="..\plugins\ppapi\host_globals.h"><Filter>..\plugins\ppapi</Filter></ClInclude><ClInclude Include="..\plugins\ppapi\ppb_audio_input_impl.h"><Filter>..\plugins\ppapi</Filter></ClInclude><ClInclude Include="..\plugins\ppapi\ppb_file_io_impl.h"><Filter>..\plugins\ppapi</Filter></ClInclude><ClInclude Include="..\plugins\ppapi\ppb_flash_menu_impl.h"><Filter>..\plugins\ppapi</Filter></ClInclude><ClInclude Include="..\plugins\ppapi\ppapi_webplugin_impl.h"><Filter>..\plugins\ppapi</Filter></ClInclude><ClCompile Include="..\plugins\ppapi\ppb_layer_compositor_impl.cc"><Filter>..\plugins\ppapi</Filter></ClCompile><ClInclude Include="..\plugins\ppapi\ppb_network_monitor_private_impl.h"><Filter>..\plugins\ppapi</Filter></ClInclude><ClCompile Include="..\plugins\ppapi\ppb_tcp_socket_private_impl.cc"><Filter>..\plugins\ppapi</Filter></ClCompile><ClCompile Include="..\plugins\ppapi\host_array_buffer_var.cc"><Filter>..\plugins\ppapi</Filter></ClCompile><ClCompile Include="..\plugins\ppapi\ppb_broker_impl.cc"><Filter>..\plugins\ppapi</Filter></ClCompile><ClCompile Include="..\plugins\ppapi\ppb_gpu_blacklist_private_impl.cc"><Filter>..\plugins\ppapi</Filter></ClCompile><ClCompile Include="..\plugins\ppapi\ppb_video_layer_impl.cc"><Filter>..\plugins\ppapi</Filter></ClCompile><ClCompile Include="..\plugins\ppapi\ppb_host_resolver_private_impl.cc"><Filter>..\plugins\ppapi</Filter></ClCompile><ClInclude Include="..\plugins\ppapi\plugin_delegate.h"><Filter>..\plugins\ppapi</Filter></ClInclude><ClInclude Include="..\plugins\ppapi\ppb_graphics_3d_impl.h"><Filter>..\plugins\ppapi</Filter></ClInclude><ClCompile Include="..\plugins\ppapi\ppb_network_monitor_private_impl.cc"><Filter>..\plugins\ppapi</Filter></ClCompile><ClInclude Include="..\plugins\ppapi\gfx_conversion.h"><Filter>..\plugins\ppapi</Filter></ClInclude><ClInclude Include="..\plugins\ppapi\ppapi_plugin_instance.h"><Filter>..\plugins\ppapi</Filter></ClInclude><ClCompile Include="..\plugins\ppapi\ppapi_plugin_instance.cc"><Filter>..\plugins\ppapi</Filter></ClCompile><ClInclude Include="..\plugins\ppapi\ppb_flash_message_loop_impl.h"><Filter>..\plugins\ppapi</Filter></ClInclude><ClInclude Include="..\plugins\ppapi\ppb_video_decoder_impl.h"><Filter>..\plugins\ppapi</Filter></ClInclude><ClInclude Include="..\plugins\ppapi\ppb_buffer_impl.h"><Filter>..\plugins\ppapi</Filter></ClInclude><ClCompile Include="..\plugins\ppapi\message_channel.cc"><Filter>..\plugins\ppapi</Filter></ClCompile><ClInclude Include="..\plugins\ppapi\ppb_x509_certificate_private_impl.h"><Filter>..\plugins\ppapi</Filter></ClInclude><ClCompile Include="..\plugins\ppapi\ppb_udp_socket_private_impl.cc"><Filter>..\plugins\ppapi</Filter></ClCompile><ClCompile Include="..\plugins\ppapi\ppb_file_ref_impl.cc"><Filter>..\plugins\ppapi</Filter></ClCompile><ClInclude Include="..\plugins\ppapi\ppb_graphics_2d_impl.h"><Filter>..\plugins\ppapi</Filter></ClInclude><ClCompile Include="..\plugins\ppapi\ppb_video_capture_impl.cc"><Filter>..\plugins\ppapi</Filter></ClCompile><ClCompile Include="..\plugins\ppapi\plugin_object.cc"><Filter>..\plugins\ppapi</Filter></ClCompile><ClInclude Include="..\plugins\ppapi\ppb_video_layer_impl.h"><Filter>..\plugins\ppapi</Filter></ClInclude><ClCompile Include="..\plugins\ppapi\ppb_file_io_impl.cc"><Filter>..\plugins\ppapi</Filter></ClCompile><ClInclude Include="..\plugins\ppapi\ppb_gpu_blacklist_private_impl.h"><Filter>..\plugins\ppapi</Filter></ClInclude><ClCompile Include="..\plugins\ppapi\event_conversion.cc"><Filter>..\plugins\ppapi</Filter></ClCompile><ClCompile Include="..\plugins\ppapi\resource_creation_impl.cc"><Filter>..\plugins\ppapi</Filter></ClCompile><ClInclude Include="..\plugins\ppapi\ppb_udp_socket_private_impl.h"><Filter>..\plugins\ppapi</Filter></ClInclude><ClInclude Include="..\plugins\ppapi\npapi_glue.h"><Filter>..\plugins\ppapi</Filter></ClInclude><ClInclude Include="..\plugins\ppapi\quota_file_io.h"><Filter>..\plugins\ppapi</Filter></ClInclude><ClCompile Include="..\plugins\ppapi\ppb_graphics_3d_impl.cc"><Filter>..\plugins\ppapi</Filter></ClCompile><ClInclude Include="..\plugins\ppapi\resource_creation_impl.h"><Filter>..\plugins\ppapi</Filter></ClInclude><ClInclude Include="..\plugins\ppapi\ppb_widget_impl.h"><Filter>..\plugins\ppapi</Filter></ClInclude><ClCompile Include="..\plugins\ppapi\usb_key_code_conversion.cc"><Filter>..\plugins\ppapi</Filter></ClCompile><ClCompile Include="..\plugins\ppapi\ppb_flash_menu_impl.cc"><Filter>..\plugins\ppapi</Filter></ClCompile><ClCompile Include="..\plugins\ppapi\ppb_file_system_impl.cc"><Filter>..\plugins\ppapi</Filter></ClCompile><ClInclude Include="..\plugins\ppapi\ppb_tcp_server_socket_private_impl.h"><Filter>..\plugins\ppapi</Filter></ClInclude><ClCompile Include="..\plugins\ppapi\host_var_tracker.cc"><Filter>..\plugins\ppapi</Filter></ClCompile><ClInclude Include="..\plugins\ppapi\usb_key_code_conversion.h"><Filter>..\plugins\ppapi</Filter></ClInclude><ClCompile Include="..\plugins\ppapi\ppb_flash_impl.cc"><Filter>..\plugins\ppapi</Filter></ClCompile><ClCompile Include="..\plugins\ppapi\usb_key_code_conversion_win.cc"><Filter>..\plugins\ppapi</Filter></ClCompile><ClCompile Include="..\plugins\ppapi\ppb_buffer_impl.cc"><Filter>..\plugins\ppapi</Filter></ClCompile><ClInclude Include="..\plugins\ppapi\common.h"><Filter>..\plugins\ppapi</Filter></ClInclude><ClCompile Include="..\plugins\ppapi\ppapi_interface_factory.cc"><Filter>..\plugins\ppapi</Filter></ClCompile><ClCompile Include="..\plugins\ppapi\ppapi_webplugin_impl.cc"><Filter>..\plugins\ppapi</Filter></ClCompile><ClCompile Include="..\plugins\ppapi\usb_key_code_conversion_linux.cc"><Filter>..\plugins\ppapi\_excluded_files</Filter></ClCompile><ClCompile Include="..\plugins\ppapi\usb_key_code_conversion_mac.cc"><Filter>..\plugins\ppapi\_excluded_files</Filter></ClCompile></ItemGroup></Project>