<?xml version="1.0" encoding="utf-8"?><Project ToolsVersion="4.0" xmlns="http://schemas.microsoft.com/developer/msbuild/2003"><ItemGroup><Filter Include=".."><UniqueIdentifier>{739DB09A-CC57-A953-A6CF-F64FA08E4FA7}</UniqueIdentifier></Filter><Filter Include="..\quota"><UniqueIdentifier>{1BEA1856-1189-37CA-8138-9A45CAA7E310}</UniqueIdentifier></Filter><Filter Include="..\.."><UniqueIdentifier>{739DB09A-CC57-A953-A6CF-F64FA08E4FA7}</UniqueIdentifier></Filter><Filter Include="..\..\build"><UniqueIdentifier>{D5519164-BF26-36DA-740B-76CEFC1827F4}</UniqueIdentifier></Filter></ItemGroup><ItemGroup><None Include="webkit_support.gyp"/><ClCompile Include="..\quota\quota_manager.cc"><Filter>..\quota</Filter></ClCompile><ClInclude Include="..\quota\usage_tracker.h"><Filter>..\quota</Filter></ClInclude><ClInclude Include="..\quota\quota_client.h"><Filter>..\quota</Filter></ClInclude><ClCompile Include="..\quota\quota_database.cc"><Filter>..\quota</Filter></ClCompile><ClInclude Include="..\quota\quota_database.h"><Filter>..\quota</Filter></ClInclude><ClCompile Include="..\quota\usage_tracker.cc"><Filter>..\quota</Filter></ClCompile><ClInclude Include="..\quota\quota_task.h"><Filter>..\quota</Filter></ClInclude><ClInclude Include="..\quota\quota_types.h"><Filter>..\quota</Filter></ClInclude><ClCompile Include="..\quota\quota_temporary_storage_evictor.cc"><Filter>..\quota</Filter></ClCompile><ClInclude Include="..\quota\quota_manager.h"><Filter>..\quota</Filter></ClInclude><ClInclude Include="..\quota\special_storage_policy.h"><Filter>..\quota</Filter></ClInclude><ClInclude Include="..\quota\quota_temporary_storage_evictor.h"><Filter>..\quota</Filter></ClInclude><ClCompile Include="..\quota\special_storage_policy.cc"><Filter>..\quota</Filter></ClCompile><ClCompile Include="..\quota\quota_task.cc"><Filter>..\quota</Filter></ClCompile><ClCompile Include="..\..\build\precompile.cc"><Filter>..\..\build</Filter></ClCompile></ItemGroup></Project>