<?xml version="1.0" encoding="utf-8"?><Project ToolsVersion="4.0" xmlns="http://schemas.microsoft.com/developer/msbuild/2003"><ItemGroup><Filter Include=".."><UniqueIdentifier>{739DB09A-CC57-A953-A6CF-F64FA08E4FA7}</UniqueIdentifier></Filter><Filter Include="..\media"><UniqueIdentifier>{2699B576-DA2C-16EE-9C4A-F0CAB500D719}</UniqueIdentifier></Filter><Filter Include="..\media\android"><UniqueIdentifier>{840B8E33-5F8C-45A0-5FD6-F07AA5687203}</UniqueIdentifier></Filter><Filter Include="..\media\android\_excluded_files"><UniqueIdentifier>{158E591E-B6EA-0C85-8F5A-18EAFA09B4CE}</UniqueIdentifier></Filter><Filter Include="..\.."><UniqueIdentifier>{739DB09A-CC57-A953-A6CF-F64FA08E4FA7}</UniqueIdentifier></Filter><Filter Include="..\..\build"><UniqueIdentifier>{D5519164-BF26-36DA-740B-76CEFC1827F4}</UniqueIdentifier></Filter></ItemGroup><ItemGroup><None Include="webkit_support.gyp"/><ClInclude Include="..\media\skcanvas_video_renderer.h"><Filter>..\media</Filter></ClInclude><ClCompile Include="..\media\webvideoframe_impl.cc"><Filter>..\media</Filter></ClCompile><ClInclude Include="..\media\webvideoframe_impl.h"><Filter>..\media</Filter></ClInclude><ClCompile Include="..\media\audio_decoder.cc"><Filter>..\media</Filter></ClCompile><ClCompile Include="..\media\webmediaplayer_util.cc"><Filter>..\media</Filter></ClCompile><ClCompile Include="..\media\webmediaplayer_impl.cc"><Filter>..\media</Filter></ClCompile><ClInclude Include="..\media\preload.h"><Filter>..\media</Filter></ClInclude><ClInclude Include="..\media\active_loader.h"><Filter>..\media</Filter></ClInclude><ClCompile Include="..\media\cache_util.cc"><Filter>..\media</Filter></ClCompile><ClCompile Include="..\media\key_systems.cc"><Filter>..\media</Filter></ClCompile><ClInclude Include="..\media\buffered_resource_loader.h"><Filter>..\media</Filter></ClInclude><ClCompile Include="..\media\webmediaplayer_proxy.cc"><Filter>..\media</Filter></ClCompile><ClCompile Include="..\media\buffered_resource_loader.cc"><Filter>..\media</Filter></ClCompile><ClInclude Include="..\media\media_stream_client.h"><Filter>..\media</Filter></ClInclude><ClInclude Include="..\media\webmediaplayer_util.h"><Filter>..\media</Filter></ClInclude><ClInclude Include="..\media\webmediaplayer_delegate.h"><Filter>..\media</Filter></ClInclude><ClInclude Include="..\media\cache_util.h"><Filter>..\media</Filter></ClInclude><ClInclude Include="..\media\webmediaplayer_impl.h"><Filter>..\media</Filter></ClInclude><ClInclude Include="..\media\filter_helpers.h"><Filter>..\media</Filter></ClInclude><ClCompile Include="..\media\buffered_data_source.cc"><Filter>..\media</Filter></ClCompile><ClInclude Include="..\media\audio_decoder.h"><Filter>..\media</Filter></ClInclude><ClInclude Include="..\media\buffered_data_source.h"><Filter>..\media</Filter></ClInclude><ClCompile Include="..\media\filter_helpers.cc"><Filter>..\media</Filter></ClCompile><ClCompile Include="..\media\skcanvas_video_renderer.cc"><Filter>..\media</Filter></ClCompile><ClCompile Include="..\media\active_loader.cc"><Filter>..\media</Filter></ClCompile><ClInclude Include="..\media\key_systems.h"><Filter>..\media</Filter></ClInclude><ClInclude Include="..\media\webmediaplayer_proxy.h"><Filter>..\media</Filter></ClInclude><ClCompile Include="..\media\android\audio_decoder_android.cc"><Filter>..\media\android\_excluded_files</Filter></ClCompile><ClInclude Include="..\media\android\webmediaplayer_android.h"><Filter>..\media\android\_excluded_files</Filter></ClInclude><ClCompile Include="..\media\android\webmediaplayer_android.cc"><Filter>..\media\android\_excluded_files</Filter></ClCompile><ClInclude Include="..\media\android\webmediaplayer_manager_android.h"><Filter>..\media\android\_excluded_files</Filter></ClInclude><ClInclude Include="..\media\android\webmediaplayer_proxy_android.h"><Filter>..\media\android\_excluded_files</Filter></ClInclude><ClCompile Include="..\media\android\webmediaplayer_proxy_android.cc"><Filter>..\media\android\_excluded_files</Filter></ClCompile><ClCompile Include="..\media\android\webmediaplayer_manager_android.cc"><Filter>..\media\android\_excluded_files</Filter></ClCompile><ClInclude Include="..\media\android\stream_texture_factory_android.h"><Filter>..\media\android\_excluded_files</Filter></ClInclude><ClCompile Include="..\..\build\precompile.cc"><Filter>..\..\build</Filter></ClCompile></ItemGroup></Project>