<?xml version="1.0" encoding="utf-8"?><Project ToolsVersion="4.0" xmlns="http://schemas.microsoft.com/developer/msbuild/2003"><ItemGroup><Filter Include=".."><UniqueIdentifier>{739DB09A-CC57-A953-A6CF-F64FA08E4FA7}</UniqueIdentifier></Filter><Filter Include="..\.."><UniqueIdentifier>{739DB09A-CC57-A953-A6CF-F64FA08E4FA7}</UniqueIdentifier></Filter><Filter Include="..\..\webkit"><UniqueIdentifier>{6BB4ACEE-077E-03F4-A9A9-4276B7FD2E30}</UniqueIdentifier></Filter><Filter Include="..\..\webkit\fileapi"><UniqueIdentifier>{07449D65-155A-88FA-AE73-F56A090F72A2}</UniqueIdentifier></Filter><Filter Include="..\..\webkit\tools"><UniqueIdentifier>{A0946190-5491-4D66-7E51-19400E36F078}</UniqueIdentifier></Filter><Filter Include="..\..\webkit\tools\test_shell"><UniqueIdentifier>{6778C6D2-5A07-BB29-528C-D85AE8250AE6}</UniqueIdentifier></Filter><Filter Include="..\..\webkit\tools\test_shell\mac"><UniqueIdentifier>{DDBFF7CF-DBCF-B2FC-793A-DB701B563E8D}</UniqueIdentifier></Filter><Filter Include="..\..\webkit\tools\test_shell\mac\_excluded_files"><UniqueIdentifier>{158E591E-B6EA-0C85-8F5A-18EAFA09B4CE}</UniqueIdentifier></Filter><Filter Include="..\..\build"><UniqueIdentifier>{D5519164-BF26-36DA-740B-76CEFC1827F4}</UniqueIdentifier></Filter></ItemGroup><ItemGroup><ClInclude Include="simple_database_system.h"/><ClCompile Include="simple_database_system.cc"/><None Include="webkit_support.gyp"/><ClCompile Include="..\..\webkit\fileapi\mock_file_system_options.cc"><Filter>..\..\webkit\fileapi</Filter></ClCompile><ClInclude Include="..\..\webkit\fileapi\mock_file_system_options.h"><Filter>..\..\webkit\fileapi</Filter></ClInclude><ClCompile Include="..\..\webkit\tools\test_shell\test_shell_webmimeregistry_impl.cc"><Filter>..\..\webkit\tools\test_shell</Filter></ClCompile><ClCompile Include="..\..\webkit\tools\test_shell\simple_resource_loader_bridge.cc"><Filter>..\..\webkit\tools\test_shell</Filter></ClCompile><ClCompile Include="..\..\webkit\tools\test_shell\test_shell_webblobregistry_impl.cc"><Filter>..\..\webkit\tools\test_shell</Filter></ClCompile><ClInclude Include="..\..\webkit\tools\test_shell\test_shell_webblobregistry_impl.h"><Filter>..\..\webkit\tools\test_shell</Filter></ClInclude><ClInclude Include="..\..\webkit\tools\test_shell\simple_socket_stream_bridge.h"><Filter>..\..\webkit\tools\test_shell</Filter></ClInclude><ClInclude Include="..\..\webkit\tools\test_shell\test_shell_webmimeregistry_impl.h"><Filter>..\..\webkit\tools\test_shell</Filter></ClInclude><ClCompile Include="..\..\webkit\tools\test_shell\simple_file_system.cc"><Filter>..\..\webkit\tools\test_shell</Filter></ClCompile><ClCompile Include="..\..\webkit\tools\test_shell\simple_appcache_system.cc"><Filter>..\..\webkit\tools\test_shell</Filter></ClCompile><ClCompile Include="..\..\webkit\tools\test_shell\test_shell_request_context.cc"><Filter>..\..\webkit\tools\test_shell</Filter></ClCompile><ClInclude Include="..\..\webkit\tools\test_shell\simple_dom_storage_system.h"><Filter>..\..\webkit\tools\test_shell</Filter></ClInclude><ClCompile Include="..\..\webkit\tools\test_shell\mock_webclipboard_impl.cc"><Filter>..\..\webkit\tools\test_shell</Filter></ClCompile><ClCompile Include="..\..\webkit\tools\test_shell\simple_dom_storage_system.cc"><Filter>..\..\webkit\tools\test_shell</Filter></ClCompile><ClInclude Include="..\..\webkit\tools\test_shell\mock_webclipboard_impl.h"><Filter>..\..\webkit\tools\test_shell</Filter></ClInclude><ClInclude Include="..\..\webkit\tools\test_shell\test_shell_request_context.h"><Filter>..\..\webkit\tools\test_shell</Filter></ClInclude><ClInclude Include="..\..\webkit\tools\test_shell\simple_resource_loader_bridge.h"><Filter>..\..\webkit\tools\test_shell</Filter></ClInclude><ClInclude Include="..\..\webkit\tools\test_shell\simple_appcache_system.h"><Filter>..\..\webkit\tools\test_shell</Filter></ClInclude><ClCompile Include="..\..\webkit\tools\test_shell\simple_socket_stream_bridge.cc"><Filter>..\..\webkit\tools\test_shell</Filter></ClCompile><ClCompile Include="..\..\webkit\tools\test_shell\simple_file_writer.cc"><Filter>..\..\webkit\tools\test_shell</Filter></ClCompile><ClInclude Include="..\..\webkit\tools\test_shell\simple_file_writer.h"><Filter>..\..\webkit\tools\test_shell</Filter></ClInclude><ClCompile Include="..\..\webkit\tools\test_shell\simple_webcookiejar_impl.cc"><Filter>..\..\webkit\tools\test_shell</Filter></ClCompile><ClInclude Include="..\..\webkit\tools\test_shell\simple_file_system.h"><Filter>..\..\webkit\tools\test_shell</Filter></ClInclude><ClCompile Include="..\..\webkit\tools\test_shell\simple_clipboard_impl.cc"><Filter>..\..\webkit\tools\test_shell</Filter></ClCompile><ClInclude Include="..\..\webkit\tools\test_shell\simple_webcookiejar_impl.h"><Filter>..\..\webkit\tools\test_shell</Filter></ClInclude><None Include="..\..\webkit\tools\test_shell\mac\DumpRenderTreePasteboard.m"><Filter>..\..\webkit\tools\test_shell\mac\_excluded_files</Filter></None><ClInclude Include="..\..\webkit\tools\test_shell\mac\DumpRenderTreePasteboard.h"><Filter>..\..\webkit\tools\test_shell\mac\_excluded_files</Filter></ClInclude><ClCompile Include="..\..\build\precompile.cc"><Filter>..\..\build</Filter></ClCompile></ItemGroup></Project>