<?xml version="1.0" encoding="utf-8"?><Project ToolsVersion="4.0" xmlns="http://schemas.microsoft.com/developer/msbuild/2003"><ItemGroup><Filter Include=".."><UniqueIdentifier>{739DB09A-CC57-A953-A6CF-F64FA08E4FA7}</UniqueIdentifier></Filter><Filter Include="..\build"><UniqueIdentifier>{D5519164-BF26-36DA-740B-76CEFC1827F4}</UniqueIdentifier></Filter><Filter Include="..\build\_excluded_files"><UniqueIdentifier>{158E591E-B6EA-0C85-8F5A-18EAFA09B4CE}</UniqueIdentifier></Filter><Filter Include="..\.."><UniqueIdentifier>{739DB09A-CC57-A953-A6CF-F64FA08E4FA7}</UniqueIdentifier></Filter><Filter Include="..\..\third_party"><UniqueIdentifier>{D6C6CEA7-AAD0-03AD-2394-AC6FCBF8A498}</UniqueIdentifier></Filter><Filter Include="..\..\third_party\WebKit"><UniqueIdentifier>{1919EB75-19A6-2BAD-ABB0-47BF57C87A0F}</UniqueIdentifier></Filter><Filter Include="..\..\third_party\WebKit\Source"><UniqueIdentifier>{26D65320-41C3-1A61-26C0-583D658C7F16}</UniqueIdentifier></Filter><Filter Include="..\..\third_party\WebKit\Source\WebCore"><UniqueIdentifier>{F2FEB77A-BB64-122D-2A26-F345D75D933C}</UniqueIdentifier></Filter><Filter Include="..\..\third_party\WebKit\Source\WebCore\Configurations"><UniqueIdentifier>{482977E3-DB5A-A586-4386-EA5B70AA1432}</UniqueIdentifier></Filter><Filter Include="..\..\third_party\WebKit\Source\WebCore\Configurations\_excluded_files"><UniqueIdentifier>{158E591E-B6EA-0C85-8F5A-18EAFA09B4CE}</UniqueIdentifier></Filter><Filter Include="..\..\build"><UniqueIdentifier>{D5519164-BF26-36DA-740B-76CEFC1827F4}</UniqueIdentifier></Filter><Filter Include="..\..\build\util"><UniqueIdentifier>{F977CC92-61A1-407C-2835-A38A3BBED548}</UniqueIdentifier></Filter><Filter Include="..\..\build\util\_excluded_files"><UniqueIdentifier>{158E591E-B6EA-0C85-8F5A-18EAFA09B4CE}</UniqueIdentifier></Filter></ItemGroup><ItemGroup><None Include="webkit_support.gyp"/><None Include="..\build\webkit_version.py"><Filter>..\build\_excluded_files</Filter></None><None Include="..\..\third_party\WebKit\Source\WebCore\Configurations\Version.xcconfig"><Filter>..\..\third_party\WebKit\Source\WebCore\Configurations\_excluded_files</Filter></None><ClCompile Include="..\..\build\precompile.cc"><Filter>..\..\build</Filter></ClCompile><None Include="..\..\build\util\lastchange.py"><Filter>..\..\build\util\_excluded_files</Filter></None></ItemGroup></Project>