<?xml version="1.0" encoding="utf-8"?><Project ToolsVersion="4.0" xmlns="http://schemas.microsoft.com/developer/msbuild/2003"><ItemGroup><Filter Include="src"><UniqueIdentifier>{8CDEE807-BC53-E450-C8B8-4DEBB66742D4}</UniqueIdentifier></Filter><Filter Include="src\sidestep"><UniqueIdentifier>{81610B3C-DE29-F74E-95E5-DA72C00CFD1B}</UniqueIdentifier></Filter><Filter Include="wow_helper"><UniqueIdentifier>{1BD51AD3-DBBD-EFD1-612A-FB9C893D4CC8}</UniqueIdentifier></Filter></ItemGroup><ItemGroup><None Include="sandbox.gyp"/><ClInclude Include="src\restricted_token_utils.h"><Filter>src</Filter></ClInclude><ClInclude Include="src\policy_low_level.h"><Filter>src</Filter></ClInclude><ClCompile Include="src\interception.cc"><Filter>src</Filter></ClCompile><ClCompile Include="src\sid.cc"><Filter>src</Filter></ClCompile><ClInclude Include="src\policy_engine_params.h"><Filter>src</Filter></ClInclude><ClInclude Include="src\handle_closer.h"><Filter>src</Filter></ClInclude><ClInclude Include="src\registry_policy.h"><Filter>src</Filter></ClInclude><ClCompile Include="src\Wow64.cc"><Filter>src</Filter></ClCompile><ClInclude Include="src\interception.h"><Filter>src</Filter></ClInclude><ClInclude Include="src\filesystem_policy.h"><Filter>src</Filter></ClInclude><ClCompile Include="src\registry_interception.cc"><Filter>src</Filter></ClCompile><ClInclude Include="src\policy_broker.h"><Filter>src</Filter></ClInclude><ClCompile Include="src\handle_table.cc"><Filter>src</Filter></ClCompile><ClCompile Include="src\sync_interception.cc"><Filter>src</Filter></ClCompile><ClCompile Include="src\policy_engine_processor.cc"><Filter>src</Filter></ClCompile><ClCompile Include="src\filesystem_policy.cc"><Filter>src</Filter></ClCompile><ClInclude Include="src\sid.h"><Filter>src</Filter></ClInclude><ClInclude Include="src\sandbox_nt_util.h"><Filter>src</Filter></ClInclude><ClCompile Include="src\named_pipe_policy.cc"><Filter>src</Filter></ClCompile><ClInclude Include="src\handle_interception.h"><Filter>src</Filter></ClInclude><ClInclude Include="src\named_pipe_interception.h"><Filter>src</Filter></ClInclude><ClInclude Include="src\sandbox_policy_base.h"><Filter>src</Filter></ClInclude><ClCompile Include="src\sandbox_utils.cc"><Filter>src</Filter></ClCompile><ClInclude Include="src\handle_policy.h"><Filter>src</Filter></ClInclude><ClInclude Include="src\sync_interception.h"><Filter>src</Filter></ClInclude><ClCompile Include="src\interception_agent.cc"><Filter>src</Filter></ClCompile><ClCompile Include="src\sandbox_policy_base.cc"><Filter>src</Filter></ClCompile><ClInclude Include="src\registry_dispatcher.h"><Filter>src</Filter></ClInclude><ClInclude Include="src\sandbox_factory.h"><Filter>src</Filter></ClInclude><ClCompile Include="src\dep.cc"><Filter>src</Filter></ClCompile><ClCompile Include="src\handle_dispatcher.cc"><Filter>src</Filter></ClCompile><ClCompile Include="src\broker_services.cc"><Filter>src</Filter></ClCompile><ClInclude Include="src\broker_services.h"><Filter>src</Filter></ClInclude><ClInclude Include="src\acl.h"><Filter>src</Filter></ClInclude><ClInclude Include="src\process_thread_dispatcher.h"><Filter>src</Filter></ClInclude><ClCompile Include="src\filesystem_dispatcher.cc"><Filter>src</Filter></ClCompile><ClCompile Include="src\process_thread_dispatcher.cc"><Filter>src</Filter></ClCompile><ClInclude Include="src\dep.h"><Filter>src</Filter></ClInclude><ClInclude Include="src\sharedmem_ipc_server.h"><Filter>src</Filter></ClInclude><ClInclude Include="src\crosscall_server.h"><Filter>src</Filter></ClInclude><ClInclude Include="src\crosscall_client.h"><Filter>src</Filter></ClInclude><ClInclude Include="src\ipc_tags.h"><Filter>src</Filter></ClInclude><ClInclude Include="src\target_interceptions.h"><Filter>src</Filter></ClInclude><ClCompile Include="src\resolver_32.cc"><Filter>src</Filter></ClCompile><ClInclude Include="src\sync_dispatcher.h"><Filter>src</Filter></ClInclude><ClCompile Include="src\restricted_token.cc"><Filter>src</Filter></ClCompile><ClCompile Include="src\process_thread_interception.cc"><Filter>src</Filter></ClCompile><ClInclude Include="src\handle_table.h"><Filter>src</Filter></ClInclude><ClCompile Include="src\target_services.cc"><Filter>src</Filter></ClCompile><ClCompile Include="src\handle_closer.cc"><Filter>src</Filter></ClCompile><ClInclude Include="src\sync_policy.h"><Filter>src</Filter></ClInclude><ClInclude Include="src\security_level.h"><Filter>src</Filter></ClInclude><ClCompile Include="src\sandbox_nt_util.cc"><Filter>src</Filter></ClCompile><ClInclude Include="src\target_process.h"><Filter>src</Filter></ClInclude><ClInclude Include="src\crosscall_params.h"><Filter>src</Filter></ClInclude><ClCompile Include="src\win_utils.cc"><Filter>src</Filter></ClCompile><ClCompile Include="src\job.cc"><Filter>src</Filter></ClCompile><ClCompile Include="src\sharedmem_ipc_client.cc"><Filter>src</Filter></ClCompile><ClCompile Include="src\target_interceptions.cc"><Filter>src</Filter></ClCompile><ClInclude Include="src\eat_resolver.h"><Filter>src</Filter></ClInclude><ClCompile Include="src\filesystem_interception.cc"><Filter>src</Filter></ClCompile><ClCompile Include="src\eat_resolver.cc"><Filter>src</Filter></ClCompile><ClInclude Include="src\interception_internal.h"><Filter>src</Filter></ClInclude><ClCompile Include="src\handle_policy.cc"><Filter>src</Filter></ClCompile><ClCompile Include="src\restricted_token_utils.cc"><Filter>src</Filter></ClCompile><ClCompile Include="src\crosscall_server.cc"><Filter>src</Filter></ClCompile><ClInclude Include="src\process_thread_interception.h"><Filter>src</Filter></ClInclude><ClInclude Include="src\sandbox.h"><Filter>src</Filter></ClInclude><ClInclude Include="src\policy_target.h"><Filter>src</Filter></ClInclude><ClInclude Include="src\win_utils.h"><Filter>src</Filter></ClInclude><ClInclude Include="src\handle_closer_agent.h"><Filter>src</Filter></ClInclude><ClInclude Include="src\sandbox_nt_types.h"><Filter>src</Filter></ClInclude><ClCompile Include="src\named_pipe_interception.cc"><Filter>src</Filter></ClCompile><ClCompile Include="src\registry_dispatcher.cc"><Filter>src</Filter></ClCompile><ClCompile Include="src\service_resolver.cc"><Filter>src</Filter></ClCompile><ClInclude Include="src\internal_types.h"><Filter>src</Filter></ClInclude><ClCompile Include="src\target_process.cc"><Filter>src</Filter></ClCompile><ClCompile Include="src\resolver.cc"><Filter>src</Filter></ClCompile><ClInclude Include="src\job.h"><Filter>src</Filter></ClInclude><ClInclude Include="src\policy_engine_processor.h"><Filter>src</Filter></ClInclude><ClCompile Include="src\sidestep_resolver.cc"><Filter>src</Filter></ClCompile><ClInclude Include="src\filesystem_dispatcher.h"><Filter>src</Filter></ClInclude><ClInclude Include="src\win2k_threadpool.h"><Filter>src</Filter></ClInclude><ClCompile Include="src\sync_policy.cc"><Filter>src</Filter></ClCompile><ClInclude Include="src\target_services.h"><Filter>src</Filter></ClInclude><ClCompile Include="src\registry_policy.cc"><Filter>src</Filter></ClCompile><ClInclude Include="src\interceptors.h"><Filter>src</Filter></ClInclude><ClInclude Include="src\named_pipe_policy.h"><Filter>src</Filter></ClInclude><ClInclude Include="src\sidestep_resolver.h"><Filter>src</Filter></ClInclude><ClInclude Include="src\restricted_token.h"><Filter>src</Filter></ClInclude><ClCompile Include="src\win2k_threadpool.cc"><Filter>src</Filter></ClCompile><ClCompile Include="src\handle_closer_agent.cc"><Filter>src</Filter></ClCompile><ClInclude Include="src\policy_engine_opcodes.h"><Filter>src</Filter></ClInclude><ClInclude Include="src\handle_dispatcher.h"><Filter>src</Filter></ClInclude><ClInclude Include="src\interception_agent.h"><Filter>src</Filter></ClInclude><ClInclude Include="src\process_thread_policy.h"><Filter>src</Filter></ClInclude><ClInclude Include="src\registry_interception.h"><Filter>src</Filter></ClInclude><ClInclude Include="src\named_pipe_dispatcher.h"><Filter>src</Filter></ClInclude><ClInclude Include="src\filesystem_interception.h"><Filter>src</Filter></ClInclude><ClInclude Include="src\shared_handles.h"><Filter>src</Filter></ClInclude><ClCompile Include="src\policy_broker.cc"><Filter>src</Filter></ClCompile><ClCompile Include="src\policy_engine_opcodes.cc"><Filter>src</Filter></ClCompile><ClInclude Include="src\resolver.h"><Filter>src</Filter></ClInclude><ClCompile Include="src\process_thread_policy.cc"><Filter>src</Filter></ClCompile><ClInclude Include="src\policy_params.h"><Filter>src</Filter></ClInclude><ClInclude Include="src\sharedmem_ipc_client.h"><Filter>src</Filter></ClInclude><ClCompile Include="src\policy_low_level.cc"><Filter>src</Filter></ClCompile><ClCompile Include="src\shared_handles.cc"><Filter>src</Filter></ClCompile><ClInclude Include="src\Wow64.h"><Filter>src</Filter></ClInclude><ClCompile Include="src\window.cc"><Filter>src</Filter></ClCompile><ClCompile Include="src\policy_target.cc"><Filter>src</Filter></ClCompile><ClInclude Include="src\sandbox_policy.h"><Filter>src</Filter></ClInclude><ClCompile Include="src\named_pipe_dispatcher.cc"><Filter>src</Filter></ClCompile><ClCompile Include="src\sharedmem_ipc_server.cc"><Filter>src</Filter></ClCompile><ClCompile Include="src\sandbox.cc"><Filter>src</Filter></ClCompile><ClInclude Include="src\service_resolver.h"><Filter>src</Filter></ClInclude><ClCompile Include="src\service_resolver_32.cc"><Filter>src</Filter></ClCompile><ClCompile Include="src\acl.cc"><Filter>src</Filter></ClCompile><ClCompile Include="src\sync_dispatcher.cc"><Filter>src</Filter></ClCompile><ClInclude Include="src\window.h"><Filter>src</Filter></ClInclude><ClInclude Include="src\sandbox_utils.h"><Filter>src</Filter></ClInclude><ClInclude Include="src\nt_internals.h"><Filter>src</Filter></ClInclude><ClCompile Include="src\handle_interception.cc"><Filter>src</Filter></ClCompile><ClInclude Include="src\sandbox_types.h"><Filter>src</Filter></ClInclude><ClInclude Include="src\sidestep\mini_disassembler_types.h"><Filter>src\sidestep</Filter></ClInclude><ClCompile Include="src\sidestep\mini_disassembler.cpp"><Filter>src\sidestep</Filter></ClCompile><ClCompile Include="src\sidestep\preamble_patcher_with_stub.cpp"><Filter>src\sidestep</Filter></ClCompile><ClCompile Include="src\sidestep\ia32_opcode_map.cpp"><Filter>src\sidestep</Filter></ClCompile><ClInclude Include="src\sidestep\preamble_patcher.h"><Filter>src\sidestep</Filter></ClInclude><ClCompile Include="src\sidestep\ia32_modrm_map.cpp"><Filter>src\sidestep</Filter></ClCompile><ClInclude Include="src\sidestep\mini_disassembler.h"><Filter>src\sidestep</Filter></ClInclude><None Include="wow_helper\wow_helper.exe"><Filter>wow_helper</Filter></None><None Include="wow_helper\wow_helper.pdb"><Filter>wow_helper</Filter></None></ItemGroup></Project>